
Microsoft Visual Studio Solution File, Format Version 12.00
# Visual Studio 2013
VisualStudioVersion = 12.0.21005.1
MinimumVisualStudioVersion = 10.0.40219.1
Project("{2150E333-8FDC-42A3-9474-1A3956D46DE8}") = "Builder", "Builder", "{097807B3-FE74-4DCD-B76B-2FCE1A272BE5}"
EndProject
Project("{FAE04EC0-301F-11D3-BF4B-00C04F79EFBC}") = "Builder.HelloWorld.Web.net45", "samples\Builder.HelloWorld.Web\Builder.HelloWorld.Web.net45.csproj", "{97CCF871-1A8A-4571-9199-61810A883141}"
EndProject
Project("{FAE04EC0-301F-11D3-BF4B-00C04F79EFBC}") = "Builder.Filtering.Web.net45", "samples\Builder.Filtering.Web\Builder.Filtering.Web.net45.csproj", "{407C2BDB-BFCD-4F6F-BEE0-D4EF1EB1ACC4}"
EndProject
Project("{FAE04EC0-301F-11D3-BF4B-00C04F79EFBC}") = "Builder.Middleware.Web.net45", "samples\Builder.Middleware.Web\Builder.Middleware.Web.net45.csproj", "{2F05BA19-7205-4ED9-9042-6E675255AB85}"
EndProject
Project("{2150E333-8FDC-42A3-9474-1A3956D46DE8}") = ".Files", ".Files", "{388A9802-1EFC-46FA-B447-DE5EBA6E4495}"
	ProjectSection(SolutionItems) = preProject
		global.json = global.json
	EndProjectSection
EndProject
Project("{2150E333-8FDC-42A3-9474-1A3956D46DE8}") = "Config", "Config", "{F6CC3BDB-2CCE-4AD0-94B6-0C665169E2C2}"
EndProject
Project("{FAE04EC0-301F-11D3-BF4B-00C04F79EFBC}") = "Config.Sources.Web.net45", "samples\Config.Sources.Web\Config.Sources.Web.net45.csproj", "{EC077B90-F28A-4655-BF63-DD28922126D4}"
EndProject
Project("{FAE04EC0-301F-11D3-BF4B-00C04F79EFBC}") = "Config.ChangeNotification.Web.net45", "samples\Config.ChangeNotification.Web\Config.ChangeNotification.Web.net45.csproj", "{687D9734-00CF-4720-AE32-6687832FC8CD}"
EndProject
Project("{FAE04EC0-301F-11D3-BF4B-00C04F79EFBC}") = "Config.SettingObject.Web.net45", "samples\Config.SettingObject.Web\Config.SettingObject.Web.net45.csproj", "{9181AF56-B4BF-4205-A379-BB4EB4526CDF}"
EndProject
Project("{FAE04EC0-301F-11D3-BF4B-00C04F79EFBC}") = "Config.WalkingValues.Web.net45", "samples\Config.WalkingValues.Web\Config.WalkingValues.Web.net45.csproj", "{2B640C27-907E-469A-969A-3B236E635114}"
EndProject
Project("{2150E333-8FDC-42A3-9474-1A3956D46DE8}") = "External", "External", "{786BF59E-2960-4554-AE2D-F52515EB3488}"
EndProject
Project("{FAE04EC0-301F-11D3-BF4B-00C04F79EFBC}") = "Microsoft.AspNet.Hosting.net45", "..\Hosting\src\Microsoft.AspNet.Hosting\Microsoft.AspNet.Hosting.net45.csproj", "{D546290B-E280-4D99-BA9C-0D364A0AFB54}"
EndProject
Project("{FAE04EC0-301F-11D3-BF4B-00C04F79EFBC}") = "Microsoft.AspNet.ConfigurationModel.net45", "..\Configuration\src\Microsoft.AspNet.ConfigurationModel\Microsoft.AspNet.ConfigurationModel.net45.csproj", "{C90D9B06-F2C5-4906-A5BA-966A27EDE8B7}"
EndProject
Project("{FAE04EC0-301F-11D3-BF4B-00C04F79EFBC}") = "Config.CustomSource.Web.net45", "samples\Config.CustomSource.Web\Config.CustomSource.Web.net45.csproj", "{35D25DC4-620F-4A86-A446-5353501CE377}"
EndProject
Project("{2150E333-8FDC-42A3-9474-1A3956D46DE8}") = "Project", "Project", "{8C3C9195-3424-454F-93FE-5585D1900B90}"
EndProject
Project("{FAE04EC0-301F-11D3-BF4B-00C04F79EFBC}") = "Project.CompilerSettings.net45", "samples\Project.CompilerSettings\Project.CompilerSettings.net45.csproj", "{B8258FFB-7243-4AF8-AE1E-E7B643FBC36C}"
EndProject
Project("{FAE04EC0-301F-11D3-BF4B-00C04F79EFBC}") = "Project.WildcardSources.net45", "samples\Project.WildcardSources\Project.WildcardSources.net45.csproj", "{8928295D-0328-4FF8-BDB2-E9966E228B0C}"
EndProject
Project("{FAE04EC0-301F-11D3-BF4B-00C04F79EFBC}") = "Project.ProjectReference.net45", "samples\Project.ProjectReference\Project.ProjectReference.net45.csproj", "{E6B359B0-4CAB-4286-A7EF-9702CF874B6B}"
EndProject
Project("{FAE04EC0-301F-11D3-BF4B-00C04F79EFBC}") = "Project.Dependencies.net45", "samples\Project.Dependencies\Project.Dependencies.net45.csproj", "{947441AB-89AC-4D10-BAC7-3ED04EB06796}"
EndProject
Project("{FAE04EC0-301F-11D3-BF4B-00C04F79EFBC}") = "Project.SharedFiles.net45", "samples\Project.SharedFiles\Project.SharedFiles.net45.csproj", "{31884D8E-5B24-4180-8C54-8EBAE126F77D}"
EndProject
Project("{2150E333-8FDC-42A3-9474-1A3956D46DE8}") = "Runtime", "Runtime", "{E18EC158-1635-44BF-B1E9-16BA4987A0DE}"
EndProject
Project("{FAE04EC0-301F-11D3-BF4B-00C04F79EFBC}") = "Runtime.AsyncEntryPoint.net45", "samples\Runtime.AsyncEntryPoint\Runtime.AsyncEntryPoint.net45.csproj", "{795D1DAC-5980-47B5-B1FD-3414C19EF8FD}"
EndProject
Project("{FAE04EC0-301F-11D3-BF4B-00C04F79EFBC}") = "Runtime.ApplicationEnvironment.net45", "samples\Runtime.ApplicationEnvironment\Runtime.ApplicationEnvironment.net45.csproj", "{224F90DD-5D62-4FB5-A313-8BE6878C63A5}"
EndProject
Project("{2150E333-8FDC-42A3-9474-1A3956D46DE8}") = "Container", "Container", "{C981B0FF-A649-4148-AB65-6150FE5C77E3}"
EndProject
Project("{FAE04EC0-301F-11D3-BF4B-00C04F79EFBC}") = "Container.Autofac.Web.net45", "samples\Container.Autofac.Web\Container.Autofac.Web.net45.csproj", "{D1EFF87D-CF02-4DCC-B039-323F66B04918}"
EndProject
Project("{FAE04EC0-301F-11D3-BF4B-00C04F79EFBC}") = "Microsoft.AspNet.DependencyInjection.net45", "..\DependencyInjection\src\Microsoft.AspNet.DependencyInjection\Microsoft.AspNet.DependencyInjection.net45.csproj", "{BFAE6189-50E9-49EA-B863-7F733998810B}"
EndProject
Project("{FAE04EC0-301F-11D3-BF4B-00C04F79EFBC}") = "Container.Fallback.Web.net45", "samples\Container.Fallback.Web\Container.Fallback.Web.net45.csproj", "{694F0086-BCD3-4082-9190-56BCD211C083}"
EndProject
Project("{FAE04EC0-301F-11D3-BF4B-00C04F79EFBC}") = "Microsoft.AspNet.DependencyInjection.Autofac.net45", "..\DependencyInjection\src\Microsoft.AspNet.DependencyInjection.Autofac\Microsoft.AspNet.DependencyInjection.Autofac.net45.csproj", "{7AE69278-CC11-4C53-91E7-55B25379157B}"
EndProject
Global
	GlobalSection(SolutionConfigurationPlatforms) = preSolution
		Debug|Any CPU = Debug|Any CPU
		Release|Any CPU = Release|Any CPU
	EndGlobalSection
	GlobalSection(ProjectConfigurationPlatforms) = postSolution
		{97CCF871-1A8A-4571-9199-61810A883141}.Debug|Any CPU.ActiveCfg = Debug|Any CPU
		{97CCF871-1A8A-4571-9199-61810A883141}.Debug|Any CPU.Build.0 = Debug|Any CPU
		{97CCF871-1A8A-4571-9199-61810A883141}.Release|Any CPU.ActiveCfg = Release|Any CPU
		{97CCF871-1A8A-4571-9199-61810A883141}.Release|Any CPU.Build.0 = Release|Any CPU
		{407C2BDB-BFCD-4F6F-BEE0-D4EF1EB1ACC4}.Debug|Any CPU.ActiveCfg = Debug|Any CPU
		{407C2BDB-BFCD-4F6F-BEE0-D4EF1EB1ACC4}.Debug|Any CPU.Build.0 = Debug|Any CPU
		{407C2BDB-BFCD-4F6F-BEE0-D4EF1EB1ACC4}.Release|Any CPU.ActiveCfg = Release|Any CPU
		{407C2BDB-BFCD-4F6F-BEE0-D4EF1EB1ACC4}.Release|Any CPU.Build.0 = Release|Any CPU
		{2F05BA19-7205-4ED9-9042-6E675255AB85}.Debug|Any CPU.ActiveCfg = Debug|Any CPU
		{2F05BA19-7205-4ED9-9042-6E675255AB85}.Debug|Any CPU.Build.0 = Debug|Any CPU
		{2F05BA19-7205-4ED9-9042-6E675255AB85}.Release|Any CPU.ActiveCfg = Release|Any CPU
		{2F05BA19-7205-4ED9-9042-6E675255AB85}.Release|Any CPU.Build.0 = Release|Any CPU
		{EC077B90-F28A-4655-BF63-DD28922126D4}.Debug|Any CPU.ActiveCfg = Debug|Any CPU
		{EC077B90-F28A-4655-BF63-DD28922126D4}.Debug|Any CPU.Build.0 = Debug|Any CPU
		{EC077B90-F28A-4655-BF63-DD28922126D4}.Release|Any CPU.ActiveCfg = Release|Any CPU
		{EC077B90-F28A-4655-BF63-DD28922126D4}.Release|Any CPU.Build.0 = Release|Any CPU
		{687D9734-00CF-4720-AE32-6687832FC8CD}.Debug|Any CPU.ActiveCfg = Debug|Any CPU
		{687D9734-00CF-4720-AE32-6687832FC8CD}.Debug|Any CPU.Build.0 = Debug|Any CPU
		{687D9734-00CF-4720-AE32-6687832FC8CD}.Release|Any CPU.ActiveCfg = Release|Any CPU
		{687D9734-00CF-4720-AE32-6687832FC8CD}.Release|Any CPU.Build.0 = Release|Any CPU
		{9181AF56-B4BF-4205-A379-BB4EB4526CDF}.Debug|Any CPU.ActiveCfg = Debug|Any CPU
		{9181AF56-B4BF-4205-A379-BB4EB4526CDF}.Debug|Any CPU.Build.0 = Debug|Any CPU
		{9181AF56-B4BF-4205-A379-BB4EB4526CDF}.Release|Any CPU.ActiveCfg = Release|Any CPU
		{9181AF56-B4BF-4205-A379-BB4EB4526CDF}.Release|Any CPU.Build.0 = Release|Any CPU
		{2B640C27-907E-469A-969A-3B236E635114}.Debug|Any CPU.ActiveCfg = Debug|Any CPU
		{2B640C27-907E-469A-969A-3B236E635114}.Debug|Any CPU.Build.0 = Debug|Any CPU
		{2B640C27-907E-469A-969A-3B236E635114}.Release|Any CPU.ActiveCfg = Release|Any CPU
		{2B640C27-907E-469A-969A-3B236E635114}.Release|Any CPU.Build.0 = Release|Any CPU
		{D546290B-E280-4D99-BA9C-0D364A0AFB54}.Debug|Any CPU.ActiveCfg = Debug|Any CPU
		{D546290B-E280-4D99-BA9C-0D364A0AFB54}.Debug|Any CPU.Build.0 = Debug|Any CPU
		{D546290B-E280-4D99-BA9C-0D364A0AFB54}.Release|Any CPU.ActiveCfg = Release|Any CPU
		{D546290B-E280-4D99-BA9C-0D364A0AFB54}.Release|Any CPU.Build.0 = Release|Any CPU
		{C90D9B06-F2C5-4906-A5BA-966A27EDE8B7}.Debug|Any CPU.ActiveCfg = Debug|Any CPU
		{C90D9B06-F2C5-4906-A5BA-966A27EDE8B7}.Debug|Any CPU.Build.0 = Debug|Any CPU
		{C90D9B06-F2C5-4906-A5BA-966A27EDE8B7}.Release|Any CPU.ActiveCfg = Release|Any CPU
		{C90D9B06-F2C5-4906-A5BA-966A27EDE8B7}.Release|Any CPU.Build.0 = Release|Any CPU
		{35D25DC4-620F-4A86-A446-5353501CE377}.Debug|Any CPU.ActiveCfg = Debug|Any CPU
		{35D25DC4-620F-4A86-A446-5353501CE377}.Debug|Any CPU.Build.0 = Debug|Any CPU
		{35D25DC4-620F-4A86-A446-5353501CE377}.Release|Any CPU.ActiveCfg = Release|Any CPU
		{35D25DC4-620F-4A86-A446-5353501CE377}.Release|Any CPU.Build.0 = Release|Any CPU
		{B8258FFB-7243-4AF8-AE1E-E7B643FBC36C}.Debug|Any CPU.ActiveCfg = Debug|Any CPU
		{B8258FFB-7243-4AF8-AE1E-E7B643FBC36C}.Debug|Any CPU.Build.0 = Debug|Any CPU
		{B8258FFB-7243-4AF8-AE1E-E7B643FBC36C}.Release|Any CPU.ActiveCfg = Release|Any CPU
		{B8258FFB-7243-4AF8-AE1E-E7B643FBC36C}.Release|Any CPU.Build.0 = Release|Any CPU
		{8928295D-0328-4FF8-BDB2-E9966E228B0C}.Debug|Any CPU.ActiveCfg = Debug|Any CPU
		{8928295D-0328-4FF8-BDB2-E9966E228B0C}.Debug|Any CPU.Build.0 = Debug|Any CPU
		{8928295D-0328-4FF8-BDB2-E9966E228B0C}.Release|Any CPU.ActiveCfg = Release|Any CPU
		{8928295D-0328-4FF8-BDB2-E9966E228B0C}.Release|Any CPU.Build.0 = Release|Any CPU
		{E6B359B0-4CAB-4286-A7EF-9702CF874B6B}.Debug|Any CPU.ActiveCfg = Debug|Any CPU
		{E6B359B0-4CAB-4286-A7EF-9702CF874B6B}.Debug|Any CPU.Build.0 = Debug|Any CPU
		{E6B359B0-4CAB-4286-A7EF-9702CF874B6B}.Release|Any CPU.ActiveCfg = Release|Any CPU
		{E6B359B0-4CAB-4286-A7EF-9702CF874B6B}.Release|Any CPU.Build.0 = Release|Any CPU
		{947441AB-89AC-4D10-BAC7-3ED04EB06796}.Debug|Any CPU.ActiveCfg = Debug|Any CPU
		{947441AB-89AC-4D10-BAC7-3ED04EB06796}.Debug|Any CPU.Build.0 = Debug|Any CPU
		{947441AB-89AC-4D10-BAC7-3ED04EB06796}.Release|Any CPU.ActiveCfg = Release|Any CPU
		{947441AB-89AC-4D10-BAC7-3ED04EB06796}.Release|Any CPU.Build.0 = Release|Any CPU
		{31884D8E-5B24-4180-8C54-8EBAE126F77D}.Debug|Any CPU.ActiveCfg = Debug|Any CPU
		{31884D8E-5B24-4180-8C54-8EBAE126F77D}.Debug|Any CPU.Build.0 = Debug|Any CPU
		{31884D8E-5B24-4180-8C54-8EBAE126F77D}.Release|Any CPU.ActiveCfg = Release|Any CPU
		{31884D8E-5B24-4180-8C54-8EBAE126F77D}.Release|Any CPU.Build.0 = Release|Any CPU
		{795D1DAC-5980-47B5-B1FD-3414C19EF8FD}.Debug|Any CPU.ActiveCfg = Debug|Any CPU
		{795D1DAC-5980-47B5-B1FD-3414C19EF8FD}.Debug|Any CPU.Build.0 = Debug|Any CPU
		{795D1DAC-5980-47B5-B1FD-3414C19EF8FD}.Release|Any CPU.ActiveCfg = Release|Any CPU
		{795D1DAC-5980-47B5-B1FD-3414C19EF8FD}.Release|Any CPU.Build.0 = Release|Any CPU
		{224F90DD-5D62-4FB5-A313-8BE6878C63A5}.Debug|Any CPU.ActiveCfg = Debug|Any CPU
		{224F90DD-5D62-4FB5-A313-8BE6878C63A5}.Debug|Any CPU.Build.0 = Debug|Any CPU
		{224F90DD-5D62-4FB5-A313-8BE6878C63A5}.Release|Any CPU.ActiveCfg = Release|Any CPU
		{224F90DD-5D62-4FB5-A313-8BE6878C63A5}.Release|Any CPU.Build.0 = Release|Any CPU
		{D1EFF87D-CF02-4DCC-B039-323F66B04918}.Debug|Any CPU.ActiveCfg = Debug|Any CPU
		{D1EFF87D-CF02-4DCC-B039-323F66B04918}.Debug|Any CPU.Build.0 = Debug|Any CPU
		{D1EFF87D-CF02-4DCC-B039-323F66B04918}.Release|Any CPU.ActiveCfg = Release|Any CPU
		{D1EFF87D-CF02-4DCC-B039-323F66B04918}.Release|Any CPU.Build.0 = Release|Any CPU
		{694F0086-BCD3-4082-9190-56BCD211C083}.Debug|Any CPU.ActiveCfg = Debug|Any CPU
		{694F0086-BCD3-4082-9190-56BCD211C083}.Debug|Any CPU.Build.0 = Debug|Any CPU
		{694F0086-BCD3-4082-9190-56BCD211C083}.Release|Any CPU.ActiveCfg = Release|Any CPU
		{694F0086-BCD3-4082-9190-56BCD211C083}.Release|Any CPU.Build.0 = Release|Any CPU
		{BFAE6189-50E9-49EA-B863-7F733998810B}.Debug|Any CPU.ActiveCfg = Debug|Any CPU
		{BFAE6189-50E9-49EA-B863-7F733998810B}.Debug|Any CPU.Build.0 = Debug|Any CPU
		{BFAE6189-50E9-49EA-B863-7F733998810B}.Release|Any CPU.ActiveCfg = Release|Any CPU
		{BFAE6189-50E9-49EA-B863-7F733998810B}.Release|Any CPU.Build.0 = Release|Any CPU
		{7AE69278-CC11-4C53-91E7-55B25379157B}.Debug|Any CPU.ActiveCfg = Debug|Any CPU
		{7AE69278-CC11-4C53-91E7-55B25379157B}.Debug|Any CPU.Build.0 = Debug|Any CPU
		{7AE69278-CC11-4C53-91E7-55B25379157B}.Release|Any CPU.ActiveCfg = Release|Any CPU
		{7AE69278-CC11-4C53-91E7-55B25379157B}.Release|Any CPU.Build.0 = Release|Any CPU
	EndGlobalSection
	GlobalSection(SolutionProperties) = preSolution
		HideSolutionNode = FALSE
	EndGlobalSection
	GlobalSection(NestedProjects) = preSolution
		{97CCF871-1A8A-4571-9199-61810A883141} = {097807B3-FE74-4DCD-B76B-2FCE1A272BE5}
		{407C2BDB-BFCD-4F6F-BEE0-D4EF1EB1ACC4} = {097807B3-FE74-4DCD-B76B-2FCE1A272BE5}
		{2F05BA19-7205-4ED9-9042-6E675255AB85} = {097807B3-FE74-4DCD-B76B-2FCE1A272BE5}
		{EC077B90-F28A-4655-BF63-DD28922126D4} = {F6CC3BDB-2CCE-4AD0-94B6-0C665169E2C2}
		{687D9734-00CF-4720-AE32-6687832FC8CD} = {F6CC3BDB-2CCE-4AD0-94B6-0C665169E2C2}
		{9181AF56-B4BF-4205-A379-BB4EB4526CDF} = {F6CC3BDB-2CCE-4AD0-94B6-0C665169E2C2}
		{2B640C27-907E-469A-969A-3B236E635114} = {F6CC3BDB-2CCE-4AD0-94B6-0C665169E2C2}
		{35D25DC4-620F-4A86-A446-5353501CE377} = {F6CC3BDB-2CCE-4AD0-94B6-0C665169E2C2}
		{D546290B-E280-4D99-BA9C-0D364A0AFB54} = {786BF59E-2960-4554-AE2D-F52515EB3488}
		{C90D9B06-F2C5-4906-A5BA-966A27EDE8B7} = {786BF59E-2960-4554-AE2D-F52515EB3488}
		{BFAE6189-50E9-49EA-B863-7F733998810B} = {786BF59E-2960-4554-AE2D-F52515EB3488}
		{7AE69278-CC11-4C53-91E7-55B25379157B} = {786BF59E-2960-4554-AE2D-F52515EB3488}
		{B8258FFB-7243-4AF8-AE1E-E7B643FBC36C} = {8C3C9195-3424-454F-93FE-5585D1900B90}
		{8928295D-0328-4FF8-BDB2-E9966E228B0C} = {8C3C9195-3424-454F-93FE-5585D1900B90}
		{E6B359B0-4CAB-4286-A7EF-9702CF874B6B} = {8C3C9195-3424-454F-93FE-5585D1900B90}
		{947441AB-89AC-4D10-BAC7-3ED04EB06796} = {8C3C9195-3424-454F-93FE-5585D1900B90}
		{31884D8E-5B24-4180-8C54-8EBAE126F77D} = {8C3C9195-3424-454F-93FE-5585D1900B90}
		{795D1DAC-5980-47B5-B1FD-3414C19EF8FD} = {E18EC158-1635-44BF-B1E9-16BA4987A0DE}
		{224F90DD-5D62-4FB5-A313-8BE6878C63A5} = {E18EC158-1635-44BF-B1E9-16BA4987A0DE}
		{D1EFF87D-CF02-4DCC-B039-323F66B04918} = {C981B0FF-A649-4148-AB65-6150FE5C77E3}
		{694F0086-BCD3-4082-9190-56BCD211C083} = {C981B0FF-A649-4148-AB65-6150FE5C77E3}
	EndGlobalSection
EndGlobal
