
Microsoft Visual Studio Solution File, Format Version 12.00
# Visual Studio 14
VisualStudioVersion = 14.0.22228.0
MinimumVisualStudioVersion = 10.0.40219.1
Project("{2150E333-8FDC-42A3-9474-1A3956D46DE8}") = "Builder", "Builder", "{097807B3-FE74-4DCD-B76B-2FCE1A272BE5}"
EndProject
Project("{2150E333-8FDC-42A3-9474-1A3956D46DE8}") = ".Files", ".Files", "{388A9802-1EFC-46FA-B447-DE5EBA6E4495}"
	ProjectSection(SolutionItems) = preProject
		global.json = global.json
	EndProjectSection
EndProject
Project("{2150E333-8FDC-42A3-9474-1A3956D46DE8}") = "Config", "Config", "{F6CC3BDB-2CCE-4AD0-94B6-0C665169E2C2}"
EndProject
Project("{2150E333-8FDC-42A3-9474-1A3956D46DE8}") = "Project", "Project", "{8C3C9195-3424-454F-93FE-5585D1900B90}"
EndProject
Project("{2150E333-8FDC-42A3-9474-1A3956D46DE8}") = "Runtime", "Runtime", "{E18EC158-1635-44BF-B1E9-16BA4987A0DE}"
EndProject
Project("{2150E333-8FDC-42A3-9474-1A3956D46DE8}") = "Container", "Container", "{C981B0FF-A649-4148-AB65-6150FE5C77E3}"
EndProject
Project("{2150E333-8FDC-42A3-9474-1A3956D46DE8}") = "Data", "Data", "{D1BD8FFA-EDE2-4FEF-87D5-B78E909C8457}"
EndProject
Project("{2150E333-8FDC-42A3-9474-1A3956D46DE8}") = "Mvc", "Mvc", "{5BCA2B8A-37DA-4A88-A221-3D5B4796B07F}"
EndProject
Project("{8BB2217D-0F2D-49D1-97BC-3654ED321F3B}") = "Mvc.Modules", "samples\Mvc.Modules\Mvc.Modules.kproj", "{181C52C4-E916-416E-96BA-2B645841807F}"
EndProject
Project("{2150E333-8FDC-42A3-9474-1A3956D46DE8}") = "OWIN", "OWIN", "{9BB0CAA1-33AB-464C-8EDE-C9D033EAD645}"
EndProject
Project("{8BB2217D-0F2D-49D1-97BC-3654ED321F3B}") = "Owin.HelloWorld", "samples\Owin.HelloWorld\Owin.HelloWorld.kproj", "{D7E8DEFE-56B4-4F8F-8E51-CCAD010B9414}"
EndProject
Project("{8BB2217D-0F2D-49D1-97BC-3654ED321F3B}") = "Owin.OwinWebSockets", "samples\Owin.OwinWebSockets\Owin.OwinWebSockets.kproj", "{7333FA5C-D9B2-4151-A19D-41DAADA19266}"
EndProject
Project("{8BB2217D-0F2D-49D1-97BC-3654ED321F3B}") = "Owin.Nowin.HelloWorld", "samples\Owin.Nowin.HelloWorld\Owin.Nowin.HelloWorld.kproj", "{6989F059-B43A-4F7B-8A37-CEF6CB5D8B0B}"
EndProject
Project("{8BB2217D-0F2D-49D1-97BC-3654ED321F3B}") = "Owin.Nowin.WebSockets", "samples\Owin.Nowin.WebSockets\Owin.Nowin.WebSockets.kproj", "{0233F61B-1458-4BFB-81CE-D47F1557015F}"
EndProject
Project("{8BB2217D-0F2D-49D1-97BC-3654ED321F3B}") = "Builder.Filtering.Web", "samples\Builder.Filtering.Web\Builder.Filtering.Web.kproj", "{1CFEC7E8-736E-4986-B0C4-9EBB5D449387}"
EndProject
Project("{8BB2217D-0F2D-49D1-97BC-3654ED321F3B}") = "Builder.HelloWorld.Web", "samples\Builder.HelloWorld.Web\Builder.HelloWorld.Web.kproj", "{53F1AB0E-3C08-4D90-92D8-17E4E13BD2F3}"
EndProject
Project("{8BB2217D-0F2D-49D1-97BC-3654ED321F3B}") = "Builder.Middleware.Web", "samples\Builder.Middleware.Web\Builder.Middleware.Web.kproj", "{8F0418B5-8D2D-4425-8028-21A6F798818B}"
EndProject
Project("{8BB2217D-0F2D-49D1-97BC-3654ED321F3B}") = "Config.ChangeNotification.Web", "samples\Config.ChangeNotification.Web\Config.ChangeNotification.Web.kproj", "{8F0FC7A9-092B-40BC-9435-959764579A40}"
EndProject
Project("{8BB2217D-0F2D-49D1-97BC-3654ED321F3B}") = "Config.CustomSource.Web", "samples\Config.CustomSource.Web\Config.CustomSource.Web.kproj", "{D418FACC-8699-462C-ABDA-2D0D10317550}"
EndProject
Project("{8BB2217D-0F2D-49D1-97BC-3654ED321F3B}") = "Config.SettingObject.Web", "samples\Config.SettingObject.Web\Config.SettingObject.Web.kproj", "{8DF7CB64-4F53-46EB-98A6-00CEC691735E}"
EndProject
Project("{8BB2217D-0F2D-49D1-97BC-3654ED321F3B}") = "Config.Sources.Web", "samples\Config.Sources.Web\Config.Sources.Web.kproj", "{8F833D1D-8914-4CD3-8248-AB33A4D972C5}"
EndProject
Project("{8BB2217D-0F2D-49D1-97BC-3654ED321F3B}") = "Config.WalkingValues.Web", "samples\Config.WalkingValues.Web\Config.WalkingValues.Web.kproj", "{E24B9ABC-9FA0-4303-AD7B-562FACCE6181}"
EndProject
Project("{8BB2217D-0F2D-49D1-97BC-3654ED321F3B}") = "Container.Autofac.Web", "samples\Container.Autofac.Web\Container.Autofac.Web.kproj", "{CF6A9AC4-8BA0-41F6-BA05-FF435D9C48B8}"
EndProject
Project("{8BB2217D-0F2D-49D1-97BC-3654ED321F3B}") = "Container.Fallback.Web", "samples\Container.Fallback.Web\Container.Fallback.Web.kproj", "{0CA4A090-BFE3-43C7-BAB1-6CB2272F35AB}"
EndProject
Project("{8BB2217D-0F2D-49D1-97BC-3654ED321F3B}") = "Data.InMemory", "samples\Data.InMemory\Data.InMemory.kproj", "{025C278E-BB7A-4CD0-8E63-FBBBD6F7D790}"
EndProject
Project("{8BB2217D-0F2D-49D1-97BC-3654ED321F3B}") = "Data.SqlServer", "samples\Data.SqlServer\Data.SqlServer.kproj", "{78AE016B-2581-4A63-A381-3716475987F6}"
EndProject
Project("{8BB2217D-0F2D-49D1-97BC-3654ED321F3B}") = "Project.CompilerSettings", "samples\Project.CompilerSettings\Project.CompilerSettings.kproj", "{5A5862CD-1C06-451E-8F4E-07A7361D1A69}"
EndProject
Project("{8BB2217D-0F2D-49D1-97BC-3654ED321F3B}") = "Project.Dependencies", "samples\Project.Dependencies\Project.Dependencies.kproj", "{EA4BF08C-0D6D-452D-9208-D4D2D0586131}"
EndProject
Project("{8BB2217D-0F2D-49D1-97BC-3654ED321F3B}") = "Project.SharedFiles", "samples\Project.SharedFiles\Project.SharedFiles.kproj", "{799DF256-2813-4918-925B-17948471380C}"
EndProject
Project("{8BB2217D-0F2D-49D1-97BC-3654ED321F3B}") = "Project.ProjectReference", "samples\Project.ProjectReference\Project.ProjectReference.kproj", "{553D2419-8CCE-44CC-9561-E94D2145850A}"
EndProject
Project("{8BB2217D-0F2D-49D1-97BC-3654ED321F3B}") = "Project.WildcardSources", "samples\Project.WildcardSources\Project.WildcardSources.kproj", "{28B788B4-1CD5-47A7-B840-4C9A63C5F0B1}"
EndProject
Project("{8BB2217D-0F2D-49D1-97BC-3654ED321F3B}") = "Runtime.ApplicationEnvironment", "samples\Runtime.ApplicationEnvironment\Runtime.ApplicationEnvironment.kproj", "{F516F026-23C8-4A10-93D7-E55141797F86}"
EndProject
Project("{8BB2217D-0F2D-49D1-97BC-3654ED321F3B}") = "Runtime.AsyncEntryPoint", "samples\Runtime.AsyncEntryPoint\Runtime.AsyncEntryPoint.kproj", "{916ADD8F-362D-4DFD-8367-1C578131A79A}"
EndProject
Project("{8BB2217D-0F2D-49D1-97BC-3654ED321F3B}") = "Mvc.CustomRoutingConvention", "samples\Mvc.CustomRoutingConvention\Mvc.CustomRoutingConvention.kproj", "{FAC6DC00-3824-4708-819A-DE8702017E39}"
EndProject
Project("{8BB2217D-0F2D-49D1-97BC-3654ED321F3B}") = "Mvc.Razor.PreCompilation", "samples\Mvc.Razor.PreCompilation\Mvc.Razor.PreCompilation.kproj", "{4CAD6F98-9947-4AB4-81EF-5068B2F98ABD}"
EndProject
Project("{2150E333-8FDC-42A3-9474-1A3956D46DE8}") = "Logging", "Logging", "{C5053B6C-73B6-4B82-A686-E7948DAFC2F5}"
EndProject
Project("{8BB2217D-0F2D-49D1-97BC-3654ED321F3B}") = "Logging.Serilog", "samples\Logging.SerilogSampleApp\Logging.Serilog.kproj", "{B4463127-48DC-488B-B1D9-E9D288F55D95}"
EndProject
Global
	GlobalSection(SolutionConfigurationPlatforms) = preSolution
		Debug|Any CPU = Debug|Any CPU
		Release|Any CPU = Release|Any CPU
	EndGlobalSection
	GlobalSection(ProjectConfigurationPlatforms) = postSolution
		{181C52C4-E916-416E-96BA-2B645841807F}.Debug|Any CPU.ActiveCfg = Debug|Any CPU
		{181C52C4-E916-416E-96BA-2B645841807F}.Debug|Any CPU.Build.0 = Debug|Any CPU
		{181C52C4-E916-416E-96BA-2B645841807F}.Release|Any CPU.ActiveCfg = Release|Any CPU
		{181C52C4-E916-416E-96BA-2B645841807F}.Release|Any CPU.Build.0 = Release|Any CPU
		{D7E8DEFE-56B4-4F8F-8E51-CCAD010B9414}.Debug|Any CPU.ActiveCfg = Debug|Any CPU
		{D7E8DEFE-56B4-4F8F-8E51-CCAD010B9414}.Debug|Any CPU.Build.0 = Debug|Any CPU
		{D7E8DEFE-56B4-4F8F-8E51-CCAD010B9414}.Release|Any CPU.ActiveCfg = Release|Any CPU
		{D7E8DEFE-56B4-4F8F-8E51-CCAD010B9414}.Release|Any CPU.Build.0 = Release|Any CPU
		{7333FA5C-D9B2-4151-A19D-41DAADA19266}.Debug|Any CPU.ActiveCfg = Debug|Any CPU
		{7333FA5C-D9B2-4151-A19D-41DAADA19266}.Debug|Any CPU.Build.0 = Debug|Any CPU
		{7333FA5C-D9B2-4151-A19D-41DAADA19266}.Release|Any CPU.ActiveCfg = Release|Any CPU
		{7333FA5C-D9B2-4151-A19D-41DAADA19266}.Release|Any CPU.Build.0 = Release|Any CPU
		{6989F059-B43A-4F7B-8A37-CEF6CB5D8B0B}.Debug|Any CPU.ActiveCfg = Debug|Any CPU
		{6989F059-B43A-4F7B-8A37-CEF6CB5D8B0B}.Debug|Any CPU.Build.0 = Debug|Any CPU
		{6989F059-B43A-4F7B-8A37-CEF6CB5D8B0B}.Release|Any CPU.ActiveCfg = Release|Any CPU
		{6989F059-B43A-4F7B-8A37-CEF6CB5D8B0B}.Release|Any CPU.Build.0 = Release|Any CPU
		{0233F61B-1458-4BFB-81CE-D47F1557015F}.Debug|Any CPU.ActiveCfg = Debug|Any CPU
		{0233F61B-1458-4BFB-81CE-D47F1557015F}.Debug|Any CPU.Build.0 = Debug|Any CPU
		{0233F61B-1458-4BFB-81CE-D47F1557015F}.Release|Any CPU.ActiveCfg = Release|Any CPU
		{0233F61B-1458-4BFB-81CE-D47F1557015F}.Release|Any CPU.Build.0 = Release|Any CPU
		{1CFEC7E8-736E-4986-B0C4-9EBB5D449387}.Debug|Any CPU.ActiveCfg = Debug|Any CPU
		{1CFEC7E8-736E-4986-B0C4-9EBB5D449387}.Debug|Any CPU.Build.0 = Debug|Any CPU
		{1CFEC7E8-736E-4986-B0C4-9EBB5D449387}.Release|Any CPU.ActiveCfg = Release|Any CPU
		{1CFEC7E8-736E-4986-B0C4-9EBB5D449387}.Release|Any CPU.Build.0 = Release|Any CPU
		{53F1AB0E-3C08-4D90-92D8-17E4E13BD2F3}.Debug|Any CPU.ActiveCfg = Debug|Any CPU
		{53F1AB0E-3C08-4D90-92D8-17E4E13BD2F3}.Debug|Any CPU.Build.0 = Debug|Any CPU
		{53F1AB0E-3C08-4D90-92D8-17E4E13BD2F3}.Release|Any CPU.ActiveCfg = Release|Any CPU
		{53F1AB0E-3C08-4D90-92D8-17E4E13BD2F3}.Release|Any CPU.Build.0 = Release|Any CPU
		{8F0418B5-8D2D-4425-8028-21A6F798818B}.Debug|Any CPU.ActiveCfg = Debug|Any CPU
		{8F0418B5-8D2D-4425-8028-21A6F798818B}.Debug|Any CPU.Build.0 = Debug|Any CPU
		{8F0418B5-8D2D-4425-8028-21A6F798818B}.Release|Any CPU.ActiveCfg = Release|Any CPU
		{8F0418B5-8D2D-4425-8028-21A6F798818B}.Release|Any CPU.Build.0 = Release|Any CPU
		{8F0FC7A9-092B-40BC-9435-959764579A40}.Debug|Any CPU.ActiveCfg = Debug|Any CPU
		{8F0FC7A9-092B-40BC-9435-959764579A40}.Debug|Any CPU.Build.0 = Debug|Any CPU
		{8F0FC7A9-092B-40BC-9435-959764579A40}.Release|Any CPU.ActiveCfg = Release|Any CPU
		{8F0FC7A9-092B-40BC-9435-959764579A40}.Release|Any CPU.Build.0 = Release|Any CPU
		{D418FACC-8699-462C-ABDA-2D0D10317550}.Debug|Any CPU.ActiveCfg = Debug|Any CPU
		{D418FACC-8699-462C-ABDA-2D0D10317550}.Debug|Any CPU.Build.0 = Debug|Any CPU
		{D418FACC-8699-462C-ABDA-2D0D10317550}.Release|Any CPU.ActiveCfg = Release|Any CPU
		{D418FACC-8699-462C-ABDA-2D0D10317550}.Release|Any CPU.Build.0 = Release|Any CPU
		{8DF7CB64-4F53-46EB-98A6-00CEC691735E}.Debug|Any CPU.ActiveCfg = Debug|Any CPU
		{8DF7CB64-4F53-46EB-98A6-00CEC691735E}.Debug|Any CPU.Build.0 = Debug|Any CPU
		{8DF7CB64-4F53-46EB-98A6-00CEC691735E}.Release|Any CPU.ActiveCfg = Release|Any CPU
		{8DF7CB64-4F53-46EB-98A6-00CEC691735E}.Release|Any CPU.Build.0 = Release|Any CPU
		{8F833D1D-8914-4CD3-8248-AB33A4D972C5}.Debug|Any CPU.ActiveCfg = Debug|Any CPU
		{8F833D1D-8914-4CD3-8248-AB33A4D972C5}.Debug|Any CPU.Build.0 = Debug|Any CPU
		{8F833D1D-8914-4CD3-8248-AB33A4D972C5}.Release|Any CPU.ActiveCfg = Release|Any CPU
		{8F833D1D-8914-4CD3-8248-AB33A4D972C5}.Release|Any CPU.Build.0 = Release|Any CPU
		{E24B9ABC-9FA0-4303-AD7B-562FACCE6181}.Debug|Any CPU.ActiveCfg = Debug|Any CPU
		{E24B9ABC-9FA0-4303-AD7B-562FACCE6181}.Debug|Any CPU.Build.0 = Debug|Any CPU
		{E24B9ABC-9FA0-4303-AD7B-562FACCE6181}.Release|Any CPU.ActiveCfg = Release|Any CPU
		{E24B9ABC-9FA0-4303-AD7B-562FACCE6181}.Release|Any CPU.Build.0 = Release|Any CPU
		{CF6A9AC4-8BA0-41F6-BA05-FF435D9C48B8}.Debug|Any CPU.ActiveCfg = Debug|Any CPU
		{CF6A9AC4-8BA0-41F6-BA05-FF435D9C48B8}.Debug|Any CPU.Build.0 = Debug|Any CPU
		{CF6A9AC4-8BA0-41F6-BA05-FF435D9C48B8}.Release|Any CPU.ActiveCfg = Release|Any CPU
		{CF6A9AC4-8BA0-41F6-BA05-FF435D9C48B8}.Release|Any CPU.Build.0 = Release|Any CPU
		{0CA4A090-BFE3-43C7-BAB1-6CB2272F35AB}.Debug|Any CPU.ActiveCfg = Debug|Any CPU
		{0CA4A090-BFE3-43C7-BAB1-6CB2272F35AB}.Debug|Any CPU.Build.0 = Debug|Any CPU
		{0CA4A090-BFE3-43C7-BAB1-6CB2272F35AB}.Release|Any CPU.ActiveCfg = Release|Any CPU
		{0CA4A090-BFE3-43C7-BAB1-6CB2272F35AB}.Release|Any CPU.Build.0 = Release|Any CPU
		{025C278E-BB7A-4CD0-8E63-FBBBD6F7D790}.Debug|Any CPU.ActiveCfg = Debug|Any CPU
		{025C278E-BB7A-4CD0-8E63-FBBBD6F7D790}.Debug|Any CPU.Build.0 = Debug|Any CPU
		{025C278E-BB7A-4CD0-8E63-FBBBD6F7D790}.Release|Any CPU.ActiveCfg = Release|Any CPU
		{025C278E-BB7A-4CD0-8E63-FBBBD6F7D790}.Release|Any CPU.Build.0 = Release|Any CPU
		{78AE016B-2581-4A63-A381-3716475987F6}.Debug|Any CPU.ActiveCfg = Debug|Any CPU
		{78AE016B-2581-4A63-A381-3716475987F6}.Debug|Any CPU.Build.0 = Debug|Any CPU
		{78AE016B-2581-4A63-A381-3716475987F6}.Release|Any CPU.ActiveCfg = Release|Any CPU
		{78AE016B-2581-4A63-A381-3716475987F6}.Release|Any CPU.Build.0 = Release|Any CPU
		{5A5862CD-1C06-451E-8F4E-07A7361D1A69}.Debug|Any CPU.ActiveCfg = Debug|Any CPU
		{5A5862CD-1C06-451E-8F4E-07A7361D1A69}.Debug|Any CPU.Build.0 = Debug|Any CPU
		{5A5862CD-1C06-451E-8F4E-07A7361D1A69}.Release|Any CPU.ActiveCfg = Release|Any CPU
		{5A5862CD-1C06-451E-8F4E-07A7361D1A69}.Release|Any CPU.Build.0 = Release|Any CPU
		{EA4BF08C-0D6D-452D-9208-D4D2D0586131}.Debug|Any CPU.ActiveCfg = Debug|Any CPU
		{EA4BF08C-0D6D-452D-9208-D4D2D0586131}.Debug|Any CPU.Build.0 = Debug|Any CPU
		{EA4BF08C-0D6D-452D-9208-D4D2D0586131}.Release|Any CPU.ActiveCfg = Release|Any CPU
		{EA4BF08C-0D6D-452D-9208-D4D2D0586131}.Release|Any CPU.Build.0 = Release|Any CPU
		{799DF256-2813-4918-925B-17948471380C}.Debug|Any CPU.ActiveCfg = Debug|Any CPU
		{799DF256-2813-4918-925B-17948471380C}.Debug|Any CPU.Build.0 = Debug|Any CPU
		{799DF256-2813-4918-925B-17948471380C}.Release|Any CPU.ActiveCfg = Release|Any CPU
		{799DF256-2813-4918-925B-17948471380C}.Release|Any CPU.Build.0 = Release|Any CPU
		{553D2419-8CCE-44CC-9561-E94D2145850A}.Debug|Any CPU.ActiveCfg = Debug|Any CPU
		{553D2419-8CCE-44CC-9561-E94D2145850A}.Debug|Any CPU.Build.0 = Debug|Any CPU
		{553D2419-8CCE-44CC-9561-E94D2145850A}.Release|Any CPU.ActiveCfg = Release|Any CPU
		{553D2419-8CCE-44CC-9561-E94D2145850A}.Release|Any CPU.Build.0 = Release|Any CPU
		{28B788B4-1CD5-47A7-B840-4C9A63C5F0B1}.Debug|Any CPU.ActiveCfg = Debug|Any CPU
		{28B788B4-1CD5-47A7-B840-4C9A63C5F0B1}.Debug|Any CPU.Build.0 = Debug|Any CPU
		{28B788B4-1CD5-47A7-B840-4C9A63C5F0B1}.Release|Any CPU.ActiveCfg = Release|Any CPU
		{28B788B4-1CD5-47A7-B840-4C9A63C5F0B1}.Release|Any CPU.Build.0 = Release|Any CPU
		{F516F026-23C8-4A10-93D7-E55141797F86}.Debug|Any CPU.ActiveCfg = Debug|Any CPU
		{F516F026-23C8-4A10-93D7-E55141797F86}.Debug|Any CPU.Build.0 = Debug|Any CPU
		{F516F026-23C8-4A10-93D7-E55141797F86}.Release|Any CPU.ActiveCfg = Release|Any CPU
		{F516F026-23C8-4A10-93D7-E55141797F86}.Release|Any CPU.Build.0 = Release|Any CPU
		{916ADD8F-362D-4DFD-8367-1C578131A79A}.Debug|Any CPU.ActiveCfg = Debug|Any CPU
		{916ADD8F-362D-4DFD-8367-1C578131A79A}.Debug|Any CPU.Build.0 = Debug|Any CPU
		{916ADD8F-362D-4DFD-8367-1C578131A79A}.Release|Any CPU.ActiveCfg = Release|Any CPU
		{916ADD8F-362D-4DFD-8367-1C578131A79A}.Release|Any CPU.Build.0 = Release|Any CPU
		{FAC6DC00-3824-4708-819A-DE8702017E39}.Debug|Any CPU.ActiveCfg = Debug|Any CPU
		{FAC6DC00-3824-4708-819A-DE8702017E39}.Debug|Any CPU.Build.0 = Debug|Any CPU
		{FAC6DC00-3824-4708-819A-DE8702017E39}.Release|Any CPU.ActiveCfg = Release|Any CPU
		{FAC6DC00-3824-4708-819A-DE8702017E39}.Release|Any CPU.Build.0 = Release|Any CPU
		{4CAD6F98-9947-4AB4-81EF-5068B2F98ABD}.Debug|Any CPU.ActiveCfg = Debug|Any CPU
		{4CAD6F98-9947-4AB4-81EF-5068B2F98ABD}.Debug|Any CPU.Build.0 = Debug|Any CPU
		{4CAD6F98-9947-4AB4-81EF-5068B2F98ABD}.Release|Any CPU.ActiveCfg = Release|Any CPU
		{4CAD6F98-9947-4AB4-81EF-5068B2F98ABD}.Release|Any CPU.Build.0 = Release|Any CPU
		{B4463127-48DC-488B-B1D9-E9D288F55D95}.Debug|Any CPU.ActiveCfg = Debug|Any CPU
		{B4463127-48DC-488B-B1D9-E9D288F55D95}.Debug|Any CPU.Build.0 = Debug|Any CPU
		{B4463127-48DC-488B-B1D9-E9D288F55D95}.Release|Any CPU.ActiveCfg = Release|Any CPU
		{B4463127-48DC-488B-B1D9-E9D288F55D95}.Release|Any CPU.Build.0 = Release|Any CPU
	EndGlobalSection
	GlobalSection(SolutionProperties) = preSolution
		HideSolutionNode = FALSE
	EndGlobalSection
	GlobalSection(NestedProjects) = preSolution
		{181C52C4-E916-416E-96BA-2B645841807F} = {5BCA2B8A-37DA-4A88-A221-3D5B4796B07F}
		{D7E8DEFE-56B4-4F8F-8E51-CCAD010B9414} = {9BB0CAA1-33AB-464C-8EDE-C9D033EAD645}
		{7333FA5C-D9B2-4151-A19D-41DAADA19266} = {9BB0CAA1-33AB-464C-8EDE-C9D033EAD645}
		{6989F059-B43A-4F7B-8A37-CEF6CB5D8B0B} = {9BB0CAA1-33AB-464C-8EDE-C9D033EAD645}
		{0233F61B-1458-4BFB-81CE-D47F1557015F} = {9BB0CAA1-33AB-464C-8EDE-C9D033EAD645}
		{1CFEC7E8-736E-4986-B0C4-9EBB5D449387} = {097807B3-FE74-4DCD-B76B-2FCE1A272BE5}
		{53F1AB0E-3C08-4D90-92D8-17E4E13BD2F3} = {097807B3-FE74-4DCD-B76B-2FCE1A272BE5}
		{8F0418B5-8D2D-4425-8028-21A6F798818B} = {097807B3-FE74-4DCD-B76B-2FCE1A272BE5}
		{8F0FC7A9-092B-40BC-9435-959764579A40} = {F6CC3BDB-2CCE-4AD0-94B6-0C665169E2C2}
		{D418FACC-8699-462C-ABDA-2D0D10317550} = {F6CC3BDB-2CCE-4AD0-94B6-0C665169E2C2}
		{8DF7CB64-4F53-46EB-98A6-00CEC691735E} = {F6CC3BDB-2CCE-4AD0-94B6-0C665169E2C2}
		{8F833D1D-8914-4CD3-8248-AB33A4D972C5} = {F6CC3BDB-2CCE-4AD0-94B6-0C665169E2C2}
		{E24B9ABC-9FA0-4303-AD7B-562FACCE6181} = {F6CC3BDB-2CCE-4AD0-94B6-0C665169E2C2}
		{CF6A9AC4-8BA0-41F6-BA05-FF435D9C48B8} = {C981B0FF-A649-4148-AB65-6150FE5C77E3}
		{0CA4A090-BFE3-43C7-BAB1-6CB2272F35AB} = {C981B0FF-A649-4148-AB65-6150FE5C77E3}
		{025C278E-BB7A-4CD0-8E63-FBBBD6F7D790} = {D1BD8FFA-EDE2-4FEF-87D5-B78E909C8457}
		{78AE016B-2581-4A63-A381-3716475987F6} = {D1BD8FFA-EDE2-4FEF-87D5-B78E909C8457}
		{5A5862CD-1C06-451E-8F4E-07A7361D1A69} = {8C3C9195-3424-454F-93FE-5585D1900B90}
		{EA4BF08C-0D6D-452D-9208-D4D2D0586131} = {8C3C9195-3424-454F-93FE-5585D1900B90}
		{799DF256-2813-4918-925B-17948471380C} = {8C3C9195-3424-454F-93FE-5585D1900B90}
		{553D2419-8CCE-44CC-9561-E94D2145850A} = {8C3C9195-3424-454F-93FE-5585D1900B90}
		{28B788B4-1CD5-47A7-B840-4C9A63C5F0B1} = {8C3C9195-3424-454F-93FE-5585D1900B90}
		{F516F026-23C8-4A10-93D7-E55141797F86} = {E18EC158-1635-44BF-B1E9-16BA4987A0DE}
		{916ADD8F-362D-4DFD-8367-1C578131A79A} = {E18EC158-1635-44BF-B1E9-16BA4987A0DE}
		{FAC6DC00-3824-4708-819A-DE8702017E39} = {5BCA2B8A-37DA-4A88-A221-3D5B4796B07F}
		{4CAD6F98-9947-4AB4-81EF-5068B2F98ABD} = {5BCA2B8A-37DA-4A88-A221-3D5B4796B07F}
		{B4463127-48DC-488B-B1D9-E9D288F55D95} = {C5053B6C-73B6-4B82-A686-E7948DAFC2F5}
	EndGlobalSection
EndGlobal
