Microsoft Visual Studio Solution File, Format Version 12.00
# Visual Studio 15
VisualStudioVersion = 15.0.26413.2
MinimumVisualStudioVersion = 10.0.40219.1
Project("{2150E333-8FDC-42A3-9474-1A3956D46DE8}") = "Builder", "Builder", "{097807B3-FE74-4DCD-B76B-2FCE1A272BE5}"
EndProject
Project("{2150E333-8FDC-42A3-9474-1A3956D46DE8}") = "Config", "Config", "{F6CC3BDB-2CCE-4AD0-94B6-0C665169E2C2}"
EndProject
Project("{2150E333-8FDC-42A3-9474-1A3956D46DE8}") = "Container", "Container", "{C981B0FF-A649-4148-AB65-6150FE5C77E3}"
EndProject
Project("{2150E333-8FDC-42A3-9474-1A3956D46DE8}") = "Data", "Data", "{D1BD8FFA-EDE2-4FEF-87D5-B78E909C8457}"
EndProject
Project("{2150E333-8FDC-42A3-9474-1A3956D46DE8}") = "Mvc", "Mvc", "{5BCA2B8A-37DA-4A88-A221-3D5B4796B07F}"
EndProject
Project("{2150E333-8FDC-42A3-9474-1A3956D46DE8}") = "OWIN", "OWIN", "{9BB0CAA1-33AB-464C-8EDE-C9D033EAD645}"
EndProject
Project("{2150E333-8FDC-42A3-9474-1A3956D46DE8}") = "Logging", "Logging", "{C5053B6C-73B6-4B82-A686-E7948DAFC2F5}"
EndProject
Project("{2150E333-8FDC-42A3-9474-1A3956D46DE8}") = "Content", "Content", "{B9C5D624-F771-4E9D-882C-4CD42A12CAD1}"
EndProject
Project("{2150E333-8FDC-42A3-9474-1A3956D46DE8}") = "Diagnostics", "Diagnostics", "{CAC7BEE3-5101-446C-84A4-4120BE2DEE18}"
EndProject
Project("{2150E333-8FDC-42A3-9474-1A3956D46DE8}") = "MusicStore", "MusicStore", "{C9CC6168-80AE-44CC-8700-CD858256CB5B}"
EndProject
Project("{2150E333-8FDC-42A3-9474-1A3956D46DE8}") = "Localization", "Localization", "{2E7EBBE7-2B03-4D3E-81FF-590F081D8F79}"
EndProject
Project("{2150E333-8FDC-42A3-9474-1A3956D46DE8}") = "samples", "samples", "{8B204FB8-31A6-4559-AE7F-0412F504983C}"
EndProject
Project("{2150E333-8FDC-42A3-9474-1A3956D46DE8}") = "test", "test", "{C03BF7E1-ECDF-48D0-85CD-A454AA28D80C}"
EndProject
Project("{2150E333-8FDC-42A3-9474-1A3956D46DE8}") = "Antiforgery", "Antiforgery", "{CD3A2B49-E781-4766-B775-6FF3672AE308}"
EndProject
Project("{9A19103F-16F7-4668-BE54-9A1E7A4F7556}") = "Mvc.Modules", "samples\Mvc.Modules\Mvc.Modules.csproj", "{181C52C4-E916-416E-96BA-2B645841807F}"
EndProject
Project("{9A19103F-16F7-4668-BE54-9A1E7A4F7556}") = "Owin.HelloWorld", "samples\Owin.HelloWorld\Owin.HelloWorld.csproj", "{D7E8DEFE-56B4-4F8F-8E51-CCAD010B9414}"
EndProject
Project("{9A19103F-16F7-4668-BE54-9A1E7A4F7556}") = "Owin.OwinWebSockets", "samples\Owin.OwinWebSockets\Owin.OwinWebSockets.csproj", "{7333FA5C-D9B2-4151-A19D-41DAADA19266}"
EndProject
Project("{9A19103F-16F7-4668-BE54-9A1E7A4F7556}") = "Owin.Nowin.HelloWorld", "samples\Owin.Nowin.HelloWorld\Owin.Nowin.HelloWorld.csproj", "{6989F059-B43A-4F7B-8A37-CEF6CB5D8B0B}"
EndProject
Project("{9A19103F-16F7-4668-BE54-9A1E7A4F7556}") = "Owin.Nowin.WebSockets", "samples\Owin.Nowin.WebSockets\Owin.Nowin.WebSockets.csproj", "{0233F61B-1458-4BFB-81CE-D47F1557015F}"
EndProject
Project("{9A19103F-16F7-4668-BE54-9A1E7A4F7556}") = "Builder.Filtering.Web", "samples\Builder.Filtering.Web\Builder.Filtering.Web.csproj", "{1CFEC7E8-736E-4986-B0C4-9EBB5D449387}"
EndProject
Project("{9A19103F-16F7-4668-BE54-9A1E7A4F7556}") = "Builder.HelloWorld.Web", "samples\Builder.HelloWorld.Web\Builder.HelloWorld.Web.csproj", "{53F1AB0E-3C08-4D90-92D8-17E4E13BD2F3}"
EndProject
Project("{9A19103F-16F7-4668-BE54-9A1E7A4F7556}") = "Builder.Middleware.Web", "samples\Builder.Middleware.Web\Builder.Middleware.Web.csproj", "{8F0418B5-8D2D-4425-8028-21A6F798818B}"
EndProject
Project("{9A19103F-16F7-4668-BE54-9A1E7A4F7556}") = "Config.SettingObject.Web", "samples\Config.SettingObject.Web\Config.SettingObject.Web.csproj", "{8DF7CB64-4F53-46EB-98A6-00CEC691735E}"
EndProject
Project("{9A19103F-16F7-4668-BE54-9A1E7A4F7556}") = "Config.WalkingValues.Web", "samples\Config.WalkingValues.Web\Config.WalkingValues.Web.csproj", "{E24B9ABC-9FA0-4303-AD7B-562FACCE6181}"
EndProject
Project("{9A19103F-16F7-4668-BE54-9A1E7A4F7556}") = "Container.Fallback.Web", "samples\Container.Fallback.Web\Container.Fallback.Web.csproj", "{0CA4A090-BFE3-43C7-BAB1-6CB2272F35AB}"
EndProject
Project("{9A19103F-16F7-4668-BE54-9A1E7A4F7556}") = "Data.InMemory", "samples\Data.InMemory\Data.InMemory.csproj", "{025C278E-BB7A-4CD0-8E63-FBBBD6F7D790}"
EndProject
Project("{9A19103F-16F7-4668-BE54-9A1E7A4F7556}") = "Data.SqlServer", "samples\Data.SqlServer\Data.SqlServer.csproj", "{78AE016B-2581-4A63-A381-3716475987F6}"
EndProject
Project("{9A19103F-16F7-4668-BE54-9A1E7A4F7556}") = "Mvc.CustomRoutingConvention", "samples\Mvc.CustomRoutingConvention\Mvc.CustomRoutingConvention.csproj", "{FAC6DC00-3824-4708-819A-DE8702017E39}"
EndProject
Project("{9A19103F-16F7-4668-BE54-9A1E7A4F7556}") = "Owin.IAppBuilderBridge", "samples\Owin.IAppBuilderBridge\Owin.IAppBuilderBridge.csproj", "{600A7AA4-EF5E-4181-B6E9-8354ECEE581B}"
EndProject
Project("{9A19103F-16F7-4668-BE54-9A1E7A4F7556}") = "Logging.Elm", "samples\Logging.Elm\Logging.Elm.csproj", "{98EEC3E1-D447-42E1-B533-3BD1E24C1733}"
EndProject
Project("{9A19103F-16F7-4668-BE54-9A1E7A4F7556}") = "Content.Upload.Multipart", "samples\Content.Upload.Multipart\Content.Upload.Multipart.csproj", "{1B9F52B7-F3B7-4C62-99FD-6ABA65D70C2F}"
EndProject
Project("{9A19103F-16F7-4668-BE54-9A1E7A4F7556}") = "Content.Upload.Form", "samples\Content.Upload.Form\Content.Upload.Form.csproj", "{B025FC81-BAFF-4752-A638-64B02BFF78A2}"
EndProject
Project("{9A19103F-16F7-4668-BE54-9A1E7A4F7556}") = "Content.Upload.Files", "samples\Content.Upload.Files\Content.Upload.Files.csproj", "{744E5BDC-3E71-4F0E-B78E-129937716AAC}"
EndProject
Project("{9A19103F-16F7-4668-BE54-9A1E7A4F7556}") = "Diagnostics.StatusCodes.Mvc", "samples\Diagnostics.StatusCodes.Mvc\Diagnostics.StatusCodes.Mvc.csproj", "{F9D07591-3B9C-4DCE-82E9-4FA8FB63D4AD}"
EndProject
Project("{9A19103F-16F7-4668-BE54-9A1E7A4F7556}") = "MusicStore.Spa", "samples\MusicStore.Spa\MusicStore.Spa.csproj", "{83C88F80-BD05-4314-ACD3-0834EB385695}"
EndProject
Project("{9A19103F-16F7-4668-BE54-9A1E7A4F7556}") = "Owin.ConsoleApp.HelloWorld", "samples\Owin.ConsoleApp.HelloWorld\Owin.ConsoleApp.HelloWorld.csproj", "{2CB93CF9-D432-4356-874F-3F897C2F291E}"
EndProject
Project("{9A19103F-16F7-4668-BE54-9A1E7A4F7556}") = "Localization.StarterWeb", "samples\Localization.StarterWeb\Localization.StarterWeb.csproj", "{09963892-0801-4FDD-8DEC-02F61E7C6D63}"
EndProject
Project("{9A19103F-16F7-4668-BE54-9A1E7A4F7556}") = "Microsoft.AspNetCore.Mvc.TagHelpers.Localization", "samples\Microsoft.AspNetCore.Mvc.TagHelpers.Localization\Microsoft.AspNetCore.Mvc.TagHelpers.Localization.csproj", "{DC951DD7-8F0C-4830-ACCD-43C4ED941C0E}"
EndProject
Project("{9A19103F-16F7-4668-BE54-9A1E7A4F7556}") = "Config.Providers.Web", "samples\Config.Providers.Web\Config.Providers.Web.csproj", "{8F833D1D-8914-4CD3-8248-AB33A4D972C5}"
EndProject
Project("{9A19103F-16F7-4668-BE54-9A1E7A4F7556}") = "Config.CustomProviders.Web", "samples\Config.CustomProviders.Web\Config.CustomProviders.Web.csproj", "{D418FACC-8699-462C-ABDA-2D0D10317550}"
EndProject
Project("{9A19103F-16F7-4668-BE54-9A1E7A4F7556}") = "Localization.EntityFramework", "samples\Localization.EntityFramework\Localization.EntityFramework.csproj", "{B456386A-D9E6-421B-9ACB-AFEE03945331}"
EndProject
Project("{9A19103F-16F7-4668-BE54-9A1E7A4F7556}") = "Mvc.RenderViewToString", "samples\Mvc.RenderViewToString\Mvc.RenderViewToString.csproj", "{23CD6E42-3B8A-4AC3-8FB7-F020B2F08579}"
EndProject
Project("{9A19103F-16F7-4668-BE54-9A1E7A4F7556}") = "Config.CustomConfigurationProviders.Sample", "samples\Config.CustomConfigurationProviders.Sample\Config.CustomConfigurationProviders.Sample.csproj", "{C2C08DD5-22EA-48DD-BDA4-588DCD38048F}"
EndProject
Project("{9A19103F-16F7-4668-BE54-9A1E7A4F7556}") = "Mvc.ActionConstraintSample.Web", "samples\Mvc.ActionConstraintSample.Web\Mvc.ActionConstraintSample.Web.csproj", "{869CF9F5-9528-45D4-8C54-079001DD2147}"
EndProject
Project("{9A19103F-16F7-4668-BE54-9A1E7A4F7556}") = "Mvc.CustomRouteSample.Web", "samples\Mvc.CustomRouteSample.Web\Mvc.CustomRouteSample.Web.csproj", "{9292D80D-392B-4641-91A5-C992ED2CF171}"
EndProject
Project("{9A19103F-16F7-4668-BE54-9A1E7A4F7556}") = "Mvc.EmbeddedViewSample.Web", "samples\Mvc.EmbeddedViewSample.Web\Mvc.EmbeddedViewSample.Web.csproj", "{B16362B1-B6A7-4B8C-AEFD-4244EAB8D3A7}"
EndProject
Project("{9A19103F-16F7-4668-BE54-9A1E7A4F7556}") = "Mvc.FormatFilterSample.Web", "samples\Mvc.FormatFilterSample.Web\Mvc.FormatFilterSample.Web.csproj", "{361DD535-5A44-4955-933F-8F773632376C}"
EndProject
Project("{9A19103F-16F7-4668-BE54-9A1E7A4F7556}") = "Mvc.InlineConstraintSample.Web", "samples\Mvc.InlineConstraintSample.Web\Mvc.InlineConstraintSample.Web.csproj", "{7A91B085-E11D-488E-9535-B7CEF60ED36B}"
EndProject
Project("{9A19103F-16F7-4668-BE54-9A1E7A4F7556}") = "Mvc.JsonPatchSample.Web", "samples\Mvc.JsonPatchSample.Web\Mvc.JsonPatchSample.Web.csproj", "{0D5A03C0-B301-4E80-903D-75DEFFD0588B}"
EndProject
Project("{9A19103F-16F7-4668-BE54-9A1E7A4F7556}") = "Mvc.LocalizationSample.Web", "samples\Mvc.LocalizationSample.Web\Mvc.LocalizationSample.Web.csproj", "{54B6F128-CED2-4BF7-A99A-B627E02A1DD8}"
EndProject
Project("{9A19103F-16F7-4668-BE54-9A1E7A4F7556}") = "Mvc.SubAreaSample.Web", "samples\Mvc.SubAreaSample.Web\Mvc.SubAreaSample.Web.csproj", "{CD692BA6-3DDC-4372-B50A-BEC28B6344F4}"
EndProject
Project("{9A19103F-16F7-4668-BE54-9A1E7A4F7556}") = "Mvc.UrlHelperSample.Web", "samples\Mvc.UrlHelperSample.Web\Mvc.UrlHelperSample.Web.csproj", "{217FD484-22E8-486E-8FCD-E0B76709FB07}"
EndProject
Project("{9A19103F-16F7-4668-BE54-9A1E7A4F7556}") = "Mvc.TagHelperSample.Web", "samples\Mvc.TagHelperSample.Web\Mvc.TagHelperSample.Web.csproj", "{4D5AD1D4-4FC8-497B-849C-FDE68E431129}"
EndProject
Project("{9A19103F-16F7-4668-BE54-9A1E7A4F7556}") = "Mvc.FileUpload", "samples\Mvc.FileUpload\Mvc.FileUpload.csproj", "{71EC0992-40E6-4643-9467-BB7A46218639}"
EndProject
Project("{9A19103F-16F7-4668-BE54-9A1E7A4F7556}") = "Mvc.GenericControllers", "samples\Mvc.GenericControllers\Mvc.GenericControllers.csproj", "{A247586C-7E45-43BC-94DA-00E5EE85AA24}"
EndProject
Project("{9A19103F-16F7-4668-BE54-9A1E7A4F7556}") = "Localization.CustomResourceManager", "samples\Localization.CustomResourceManager\Localization.CustomResourceManager.csproj", "{55D9501F-15B9-4339-A0AB-6082850E5FCE}"
EndProject
Project("{9A19103F-16F7-4668-BE54-9A1E7A4F7556}") = "HelloServices", "samples\HelloServices\HelloServices.csproj", "{77C5497E-D3DC-4256-8AE8-AC5271A119F7}"
EndProject
Project("{9A19103F-16F7-4668-BE54-9A1E7A4F7556}") = "Mvc.Formatters", "samples\Mvc.Formatters\Mvc.Formatters.csproj", "{BFC216CD-F8B4-4646-BF72-AA85716FAFEA}"
EndProject
Project("{9A19103F-16F7-4668-BE54-9A1E7A4F7556}") = "Config.Options.Snapshot.Web", "samples\Config.Options.Snapshot.Web\Config.Options.Snapshot.Web.csproj", "{3641F708-A923-4B8B-A451-9D27AFA1753D}"
EndProject
Project("{9A19103F-16F7-4668-BE54-9A1E7A4F7556}") = "Antiforgery.Angular1", "samples\Antiforgery.Angular1\Antiforgery.Angular1.csproj", "{EB0FB22E-DF89-4044-8EF2-F7790E8B0216}"
EndProject
Project("{9A19103F-16F7-4668-BE54-9A1E7A4F7556}") = "Antiforgery.MvcWithAuthAndAjax", "samples\Antiforgery.MvcWithAuthAndAjax\Antiforgery.MvcWithAuthAndAjax.csproj", "{FDD8875D-00D6-4E8C-9E21-D90C0A2C81B7}"
EndProject
Project("{2150E333-8FDC-42A3-9474-1A3956D46DE8}") = "build", "build", "{DA474CFD-7419-4747-A583-CCDC1FF71EB5}"
	ProjectSection(SolutionItems) = preProject
		build\common.props = build\common.props
		build\dependencies.props = build\dependencies.props
	EndProjectSection
EndProject
Project("{9A19103F-16F7-4668-BE54-9A1E7A4F7556}") = "Entropy.FunctionalTests", "test\Entropy.FunctionalTests\Entropy.FunctionalTests.csproj", "{3D0B3DD1-6779-4E8F-BFBC-809497F7B30F}"
EndProject
Global
	GlobalSection(SolutionConfigurationPlatforms) = preSolution
		Debug|Any CPU = Debug|Any CPU
		Debug|x64 = Debug|x64
		Debug|x86 = Debug|x86
		Release|Any CPU = Release|Any CPU
		Release|x64 = Release|x64
		Release|x86 = Release|x86
	EndGlobalSection
	GlobalSection(ProjectConfigurationPlatforms) = postSolution
		{181C52C4-E916-416E-96BA-2B645841807F}.Debug|Any CPU.ActiveCfg = Debug|Any CPU
		{181C52C4-E916-416E-96BA-2B645841807F}.Debug|Any CPU.Build.0 = Debug|Any CPU
		{181C52C4-E916-416E-96BA-2B645841807F}.Debug|x64.ActiveCfg = Debug|Any CPU
		{181C52C4-E916-416E-96BA-2B645841807F}.Debug|x64.Build.0 = Debug|Any CPU
		{181C52C4-E916-416E-96BA-2B645841807F}.Debug|x86.ActiveCfg = Debug|Any CPU
		{181C52C4-E916-416E-96BA-2B645841807F}.Debug|x86.Build.0 = Debug|Any CPU
		{181C52C4-E916-416E-96BA-2B645841807F}.Release|Any CPU.ActiveCfg = Release|Any CPU
		{181C52C4-E916-416E-96BA-2B645841807F}.Release|Any CPU.Build.0 = Release|Any CPU
		{181C52C4-E916-416E-96BA-2B645841807F}.Release|x64.ActiveCfg = Release|Any CPU
		{181C52C4-E916-416E-96BA-2B645841807F}.Release|x64.Build.0 = Release|Any CPU
		{181C52C4-E916-416E-96BA-2B645841807F}.Release|x86.ActiveCfg = Release|Any CPU
		{181C52C4-E916-416E-96BA-2B645841807F}.Release|x86.Build.0 = Release|Any CPU
		{D7E8DEFE-56B4-4F8F-8E51-CCAD010B9414}.Debug|Any CPU.ActiveCfg = Debug|Any CPU
		{D7E8DEFE-56B4-4F8F-8E51-CCAD010B9414}.Debug|Any CPU.Build.0 = Debug|Any CPU
		{D7E8DEFE-56B4-4F8F-8E51-CCAD010B9414}.Debug|x64.ActiveCfg = Debug|Any CPU
		{D7E8DEFE-56B4-4F8F-8E51-CCAD010B9414}.Debug|x64.Build.0 = Debug|Any CPU
		{D7E8DEFE-56B4-4F8F-8E51-CCAD010B9414}.Debug|x86.ActiveCfg = Debug|Any CPU
		{D7E8DEFE-56B4-4F8F-8E51-CCAD010B9414}.Debug|x86.Build.0 = Debug|Any CPU
		{D7E8DEFE-56B4-4F8F-8E51-CCAD010B9414}.Release|Any CPU.ActiveCfg = Release|Any CPU
		{D7E8DEFE-56B4-4F8F-8E51-CCAD010B9414}.Release|Any CPU.Build.0 = Release|Any CPU
		{D7E8DEFE-56B4-4F8F-8E51-CCAD010B9414}.Release|x64.ActiveCfg = Release|Any CPU
		{D7E8DEFE-56B4-4F8F-8E51-CCAD010B9414}.Release|x64.Build.0 = Release|Any CPU
		{D7E8DEFE-56B4-4F8F-8E51-CCAD010B9414}.Release|x86.ActiveCfg = Release|Any CPU
		{D7E8DEFE-56B4-4F8F-8E51-CCAD010B9414}.Release|x86.Build.0 = Release|Any CPU
		{7333FA5C-D9B2-4151-A19D-41DAADA19266}.Debug|Any CPU.ActiveCfg = Debug|Any CPU
		{7333FA5C-D9B2-4151-A19D-41DAADA19266}.Debug|Any CPU.Build.0 = Debug|Any CPU
		{7333FA5C-D9B2-4151-A19D-41DAADA19266}.Debug|x64.ActiveCfg = Debug|Any CPU
		{7333FA5C-D9B2-4151-A19D-41DAADA19266}.Debug|x64.Build.0 = Debug|Any CPU
		{7333FA5C-D9B2-4151-A19D-41DAADA19266}.Debug|x86.ActiveCfg = Debug|Any CPU
		{7333FA5C-D9B2-4151-A19D-41DAADA19266}.Debug|x86.Build.0 = Debug|Any CPU
		{7333FA5C-D9B2-4151-A19D-41DAADA19266}.Release|Any CPU.ActiveCfg = Release|Any CPU
		{7333FA5C-D9B2-4151-A19D-41DAADA19266}.Release|Any CPU.Build.0 = Release|Any CPU
		{7333FA5C-D9B2-4151-A19D-41DAADA19266}.Release|x64.ActiveCfg = Release|Any CPU
		{7333FA5C-D9B2-4151-A19D-41DAADA19266}.Release|x64.Build.0 = Release|Any CPU
		{7333FA5C-D9B2-4151-A19D-41DAADA19266}.Release|x86.ActiveCfg = Release|Any CPU
		{7333FA5C-D9B2-4151-A19D-41DAADA19266}.Release|x86.Build.0 = Release|Any CPU
		{6989F059-B43A-4F7B-8A37-CEF6CB5D8B0B}.Debug|Any CPU.ActiveCfg = Debug|Any CPU
		{6989F059-B43A-4F7B-8A37-CEF6CB5D8B0B}.Debug|Any CPU.Build.0 = Debug|Any CPU
		{6989F059-B43A-4F7B-8A37-CEF6CB5D8B0B}.Debug|x64.ActiveCfg = Debug|Any CPU
		{6989F059-B43A-4F7B-8A37-CEF6CB5D8B0B}.Debug|x64.Build.0 = Debug|Any CPU
		{6989F059-B43A-4F7B-8A37-CEF6CB5D8B0B}.Debug|x86.ActiveCfg = Debug|Any CPU
		{6989F059-B43A-4F7B-8A37-CEF6CB5D8B0B}.Debug|x86.Build.0 = Debug|Any CPU
		{6989F059-B43A-4F7B-8A37-CEF6CB5D8B0B}.Release|Any CPU.ActiveCfg = Release|Any CPU
		{6989F059-B43A-4F7B-8A37-CEF6CB5D8B0B}.Release|Any CPU.Build.0 = Release|Any CPU
		{6989F059-B43A-4F7B-8A37-CEF6CB5D8B0B}.Release|x64.ActiveCfg = Release|Any CPU
		{6989F059-B43A-4F7B-8A37-CEF6CB5D8B0B}.Release|x64.Build.0 = Release|Any CPU
		{6989F059-B43A-4F7B-8A37-CEF6CB5D8B0B}.Release|x86.ActiveCfg = Release|Any CPU
		{6989F059-B43A-4F7B-8A37-CEF6CB5D8B0B}.Release|x86.Build.0 = Release|Any CPU
		{0233F61B-1458-4BFB-81CE-D47F1557015F}.Debug|Any CPU.ActiveCfg = Debug|Any CPU
		{0233F61B-1458-4BFB-81CE-D47F1557015F}.Debug|Any CPU.Build.0 = Debug|Any CPU
		{0233F61B-1458-4BFB-81CE-D47F1557015F}.Debug|x64.ActiveCfg = Debug|Any CPU
		{0233F61B-1458-4BFB-81CE-D47F1557015F}.Debug|x64.Build.0 = Debug|Any CPU
		{0233F61B-1458-4BFB-81CE-D47F1557015F}.Debug|x86.ActiveCfg = Debug|Any CPU
		{0233F61B-1458-4BFB-81CE-D47F1557015F}.Debug|x86.Build.0 = Debug|Any CPU
		{0233F61B-1458-4BFB-81CE-D47F1557015F}.Release|Any CPU.ActiveCfg = Release|Any CPU
		{0233F61B-1458-4BFB-81CE-D47F1557015F}.Release|Any CPU.Build.0 = Release|Any CPU
		{0233F61B-1458-4BFB-81CE-D47F1557015F}.Release|x64.ActiveCfg = Release|Any CPU
		{0233F61B-1458-4BFB-81CE-D47F1557015F}.Release|x64.Build.0 = Release|Any CPU
		{0233F61B-1458-4BFB-81CE-D47F1557015F}.Release|x86.ActiveCfg = Release|Any CPU
		{0233F61B-1458-4BFB-81CE-D47F1557015F}.Release|x86.Build.0 = Release|Any CPU
		{1CFEC7E8-736E-4986-B0C4-9EBB5D449387}.Debug|Any CPU.ActiveCfg = Debug|Any CPU
		{1CFEC7E8-736E-4986-B0C4-9EBB5D449387}.Debug|Any CPU.Build.0 = Debug|Any CPU
		{1CFEC7E8-736E-4986-B0C4-9EBB5D449387}.Debug|x64.ActiveCfg = Debug|Any CPU
		{1CFEC7E8-736E-4986-B0C4-9EBB5D449387}.Debug|x64.Build.0 = Debug|Any CPU
		{1CFEC7E8-736E-4986-B0C4-9EBB5D449387}.Debug|x86.ActiveCfg = Debug|Any CPU
		{1CFEC7E8-736E-4986-B0C4-9EBB5D449387}.Debug|x86.Build.0 = Debug|Any CPU
		{1CFEC7E8-736E-4986-B0C4-9EBB5D449387}.Release|Any CPU.ActiveCfg = Release|Any CPU
		{1CFEC7E8-736E-4986-B0C4-9EBB5D449387}.Release|Any CPU.Build.0 = Release|Any CPU
		{1CFEC7E8-736E-4986-B0C4-9EBB5D449387}.Release|x64.ActiveCfg = Release|Any CPU
		{1CFEC7E8-736E-4986-B0C4-9EBB5D449387}.Release|x64.Build.0 = Release|Any CPU
		{1CFEC7E8-736E-4986-B0C4-9EBB5D449387}.Release|x86.ActiveCfg = Release|Any CPU
		{1CFEC7E8-736E-4986-B0C4-9EBB5D449387}.Release|x86.Build.0 = Release|Any CPU
		{53F1AB0E-3C08-4D90-92D8-17E4E13BD2F3}.Debug|Any CPU.ActiveCfg = Debug|Any CPU
		{53F1AB0E-3C08-4D90-92D8-17E4E13BD2F3}.Debug|Any CPU.Build.0 = Debug|Any CPU
		{53F1AB0E-3C08-4D90-92D8-17E4E13BD2F3}.Debug|x64.ActiveCfg = Debug|Any CPU
		{53F1AB0E-3C08-4D90-92D8-17E4E13BD2F3}.Debug|x64.Build.0 = Debug|Any CPU
		{53F1AB0E-3C08-4D90-92D8-17E4E13BD2F3}.Debug|x86.ActiveCfg = Debug|Any CPU
		{53F1AB0E-3C08-4D90-92D8-17E4E13BD2F3}.Debug|x86.Build.0 = Debug|Any CPU
		{53F1AB0E-3C08-4D90-92D8-17E4E13BD2F3}.Release|Any CPU.ActiveCfg = Release|Any CPU
		{53F1AB0E-3C08-4D90-92D8-17E4E13BD2F3}.Release|Any CPU.Build.0 = Release|Any CPU
		{53F1AB0E-3C08-4D90-92D8-17E4E13BD2F3}.Release|x64.ActiveCfg = Release|Any CPU
		{53F1AB0E-3C08-4D90-92D8-17E4E13BD2F3}.Release|x64.Build.0 = Release|Any CPU
		{53F1AB0E-3C08-4D90-92D8-17E4E13BD2F3}.Release|x86.ActiveCfg = Release|Any CPU
		{53F1AB0E-3C08-4D90-92D8-17E4E13BD2F3}.Release|x86.Build.0 = Release|Any CPU
		{8F0418B5-8D2D-4425-8028-21A6F798818B}.Debug|Any CPU.ActiveCfg = Debug|Any CPU
		{8F0418B5-8D2D-4425-8028-21A6F798818B}.Debug|Any CPU.Build.0 = Debug|Any CPU
		{8F0418B5-8D2D-4425-8028-21A6F798818B}.Debug|x64.ActiveCfg = Debug|Any CPU
		{8F0418B5-8D2D-4425-8028-21A6F798818B}.Debug|x64.Build.0 = Debug|Any CPU
		{8F0418B5-8D2D-4425-8028-21A6F798818B}.Debug|x86.ActiveCfg = Debug|Any CPU
		{8F0418B5-8D2D-4425-8028-21A6F798818B}.Debug|x86.Build.0 = Debug|Any CPU
		{8F0418B5-8D2D-4425-8028-21A6F798818B}.Release|Any CPU.ActiveCfg = Release|Any CPU
		{8F0418B5-8D2D-4425-8028-21A6F798818B}.Release|Any CPU.Build.0 = Release|Any CPU
		{8F0418B5-8D2D-4425-8028-21A6F798818B}.Release|x64.ActiveCfg = Release|Any CPU
		{8F0418B5-8D2D-4425-8028-21A6F798818B}.Release|x64.Build.0 = Release|Any CPU
		{8F0418B5-8D2D-4425-8028-21A6F798818B}.Release|x86.ActiveCfg = Release|Any CPU
		{8F0418B5-8D2D-4425-8028-21A6F798818B}.Release|x86.Build.0 = Release|Any CPU
		{8DF7CB64-4F53-46EB-98A6-00CEC691735E}.Debug|Any CPU.ActiveCfg = Debug|Any CPU
		{8DF7CB64-4F53-46EB-98A6-00CEC691735E}.Debug|Any CPU.Build.0 = Debug|Any CPU
		{8DF7CB64-4F53-46EB-98A6-00CEC691735E}.Debug|x64.ActiveCfg = Debug|Any CPU
		{8DF7CB64-4F53-46EB-98A6-00CEC691735E}.Debug|x64.Build.0 = Debug|Any CPU
		{8DF7CB64-4F53-46EB-98A6-00CEC691735E}.Debug|x86.ActiveCfg = Debug|Any CPU
		{8DF7CB64-4F53-46EB-98A6-00CEC691735E}.Debug|x86.Build.0 = Debug|Any CPU
		{8DF7CB64-4F53-46EB-98A6-00CEC691735E}.Release|Any CPU.ActiveCfg = Release|Any CPU
		{8DF7CB64-4F53-46EB-98A6-00CEC691735E}.Release|Any CPU.Build.0 = Release|Any CPU
		{8DF7CB64-4F53-46EB-98A6-00CEC691735E}.Release|x64.ActiveCfg = Release|Any CPU
		{8DF7CB64-4F53-46EB-98A6-00CEC691735E}.Release|x64.Build.0 = Release|Any CPU
		{8DF7CB64-4F53-46EB-98A6-00CEC691735E}.Release|x86.ActiveCfg = Release|Any CPU
		{8DF7CB64-4F53-46EB-98A6-00CEC691735E}.Release|x86.Build.0 = Release|Any CPU
		{E24B9ABC-9FA0-4303-AD7B-562FACCE6181}.Debug|Any CPU.ActiveCfg = Debug|Any CPU
		{E24B9ABC-9FA0-4303-AD7B-562FACCE6181}.Debug|Any CPU.Build.0 = Debug|Any CPU
		{E24B9ABC-9FA0-4303-AD7B-562FACCE6181}.Debug|x64.ActiveCfg = Debug|Any CPU
		{E24B9ABC-9FA0-4303-AD7B-562FACCE6181}.Debug|x64.Build.0 = Debug|Any CPU
		{E24B9ABC-9FA0-4303-AD7B-562FACCE6181}.Debug|x86.ActiveCfg = Debug|Any CPU
		{E24B9ABC-9FA0-4303-AD7B-562FACCE6181}.Debug|x86.Build.0 = Debug|Any CPU
		{E24B9ABC-9FA0-4303-AD7B-562FACCE6181}.Release|Any CPU.ActiveCfg = Release|Any CPU
		{E24B9ABC-9FA0-4303-AD7B-562FACCE6181}.Release|Any CPU.Build.0 = Release|Any CPU
		{E24B9ABC-9FA0-4303-AD7B-562FACCE6181}.Release|x64.ActiveCfg = Release|Any CPU
		{E24B9ABC-9FA0-4303-AD7B-562FACCE6181}.Release|x64.Build.0 = Release|Any CPU
		{E24B9ABC-9FA0-4303-AD7B-562FACCE6181}.Release|x86.ActiveCfg = Release|Any CPU
		{E24B9ABC-9FA0-4303-AD7B-562FACCE6181}.Release|x86.Build.0 = Release|Any CPU
		{0CA4A090-BFE3-43C7-BAB1-6CB2272F35AB}.Debug|Any CPU.ActiveCfg = Debug|Any CPU
		{0CA4A090-BFE3-43C7-BAB1-6CB2272F35AB}.Debug|Any CPU.Build.0 = Debug|Any CPU
		{0CA4A090-BFE3-43C7-BAB1-6CB2272F35AB}.Debug|x64.ActiveCfg = Debug|Any CPU
		{0CA4A090-BFE3-43C7-BAB1-6CB2272F35AB}.Debug|x64.Build.0 = Debug|Any CPU
		{0CA4A090-BFE3-43C7-BAB1-6CB2272F35AB}.Debug|x86.ActiveCfg = Debug|Any CPU
		{0CA4A090-BFE3-43C7-BAB1-6CB2272F35AB}.Debug|x86.Build.0 = Debug|Any CPU
		{0CA4A090-BFE3-43C7-BAB1-6CB2272F35AB}.Release|Any CPU.ActiveCfg = Release|Any CPU
		{0CA4A090-BFE3-43C7-BAB1-6CB2272F35AB}.Release|Any CPU.Build.0 = Release|Any CPU
		{0CA4A090-BFE3-43C7-BAB1-6CB2272F35AB}.Release|x64.ActiveCfg = Release|Any CPU
		{0CA4A090-BFE3-43C7-BAB1-6CB2272F35AB}.Release|x64.Build.0 = Release|Any CPU
		{0CA4A090-BFE3-43C7-BAB1-6CB2272F35AB}.Release|x86.ActiveCfg = Release|Any CPU
		{0CA4A090-BFE3-43C7-BAB1-6CB2272F35AB}.Release|x86.Build.0 = Release|Any CPU
		{025C278E-BB7A-4CD0-8E63-FBBBD6F7D790}.Debug|Any CPU.ActiveCfg = Debug|Any CPU
		{025C278E-BB7A-4CD0-8E63-FBBBD6F7D790}.Debug|Any CPU.Build.0 = Debug|Any CPU
		{025C278E-BB7A-4CD0-8E63-FBBBD6F7D790}.Debug|x64.ActiveCfg = Debug|Any CPU
		{025C278E-BB7A-4CD0-8E63-FBBBD6F7D790}.Debug|x64.Build.0 = Debug|Any CPU
		{025C278E-BB7A-4CD0-8E63-FBBBD6F7D790}.Debug|x86.ActiveCfg = Debug|Any CPU
		{025C278E-BB7A-4CD0-8E63-FBBBD6F7D790}.Debug|x86.Build.0 = Debug|Any CPU
		{025C278E-BB7A-4CD0-8E63-FBBBD6F7D790}.Release|Any CPU.ActiveCfg = Release|Any CPU
		{025C278E-BB7A-4CD0-8E63-FBBBD6F7D790}.Release|Any CPU.Build.0 = Release|Any CPU
		{025C278E-BB7A-4CD0-8E63-FBBBD6F7D790}.Release|x64.ActiveCfg = Release|Any CPU
		{025C278E-BB7A-4CD0-8E63-FBBBD6F7D790}.Release|x64.Build.0 = Release|Any CPU
		{025C278E-BB7A-4CD0-8E63-FBBBD6F7D790}.Release|x86.ActiveCfg = Release|Any CPU
		{025C278E-BB7A-4CD0-8E63-FBBBD6F7D790}.Release|x86.Build.0 = Release|Any CPU
		{78AE016B-2581-4A63-A381-3716475987F6}.Debug|Any CPU.ActiveCfg = Debug|Any CPU
		{78AE016B-2581-4A63-A381-3716475987F6}.Debug|Any CPU.Build.0 = Debug|Any CPU
		{78AE016B-2581-4A63-A381-3716475987F6}.Debug|x64.ActiveCfg = Debug|Any CPU
		{78AE016B-2581-4A63-A381-3716475987F6}.Debug|x64.Build.0 = Debug|Any CPU
		{78AE016B-2581-4A63-A381-3716475987F6}.Debug|x86.ActiveCfg = Debug|Any CPU
		{78AE016B-2581-4A63-A381-3716475987F6}.Debug|x86.Build.0 = Debug|Any CPU
		{78AE016B-2581-4A63-A381-3716475987F6}.Release|Any CPU.ActiveCfg = Release|Any CPU
		{78AE016B-2581-4A63-A381-3716475987F6}.Release|Any CPU.Build.0 = Release|Any CPU
		{78AE016B-2581-4A63-A381-3716475987F6}.Release|x64.ActiveCfg = Release|Any CPU
		{78AE016B-2581-4A63-A381-3716475987F6}.Release|x64.Build.0 = Release|Any CPU
		{78AE016B-2581-4A63-A381-3716475987F6}.Release|x86.ActiveCfg = Release|Any CPU
		{78AE016B-2581-4A63-A381-3716475987F6}.Release|x86.Build.0 = Release|Any CPU
		{FAC6DC00-3824-4708-819A-DE8702017E39}.Debug|Any CPU.ActiveCfg = Debug|Any CPU
		{FAC6DC00-3824-4708-819A-DE8702017E39}.Debug|Any CPU.Build.0 = Debug|Any CPU
		{FAC6DC00-3824-4708-819A-DE8702017E39}.Debug|x64.ActiveCfg = Debug|Any CPU
		{FAC6DC00-3824-4708-819A-DE8702017E39}.Debug|x64.Build.0 = Debug|Any CPU
		{FAC6DC00-3824-4708-819A-DE8702017E39}.Debug|x86.ActiveCfg = Debug|Any CPU
		{FAC6DC00-3824-4708-819A-DE8702017E39}.Debug|x86.Build.0 = Debug|Any CPU
		{FAC6DC00-3824-4708-819A-DE8702017E39}.Release|Any CPU.ActiveCfg = Release|Any CPU
		{FAC6DC00-3824-4708-819A-DE8702017E39}.Release|Any CPU.Build.0 = Release|Any CPU
		{FAC6DC00-3824-4708-819A-DE8702017E39}.Release|x64.ActiveCfg = Release|Any CPU
		{FAC6DC00-3824-4708-819A-DE8702017E39}.Release|x64.Build.0 = Release|Any CPU
		{FAC6DC00-3824-4708-819A-DE8702017E39}.Release|x86.ActiveCfg = Release|Any CPU
		{FAC6DC00-3824-4708-819A-DE8702017E39}.Release|x86.Build.0 = Release|Any CPU
		{600A7AA4-EF5E-4181-B6E9-8354ECEE581B}.Debug|Any CPU.ActiveCfg = Debug|Any CPU
		{600A7AA4-EF5E-4181-B6E9-8354ECEE581B}.Debug|Any CPU.Build.0 = Debug|Any CPU
		{600A7AA4-EF5E-4181-B6E9-8354ECEE581B}.Debug|x64.ActiveCfg = Debug|Any CPU
		{600A7AA4-EF5E-4181-B6E9-8354ECEE581B}.Debug|x64.Build.0 = Debug|Any CPU
		{600A7AA4-EF5E-4181-B6E9-8354ECEE581B}.Debug|x86.ActiveCfg = Debug|Any CPU
		{600A7AA4-EF5E-4181-B6E9-8354ECEE581B}.Debug|x86.Build.0 = Debug|Any CPU
		{600A7AA4-EF5E-4181-B6E9-8354ECEE581B}.Release|Any CPU.ActiveCfg = Release|Any CPU
		{600A7AA4-EF5E-4181-B6E9-8354ECEE581B}.Release|Any CPU.Build.0 = Release|Any CPU
		{600A7AA4-EF5E-4181-B6E9-8354ECEE581B}.Release|x64.ActiveCfg = Release|Any CPU
		{600A7AA4-EF5E-4181-B6E9-8354ECEE581B}.Release|x64.Build.0 = Release|Any CPU
		{600A7AA4-EF5E-4181-B6E9-8354ECEE581B}.Release|x86.ActiveCfg = Release|Any CPU
		{600A7AA4-EF5E-4181-B6E9-8354ECEE581B}.Release|x86.Build.0 = Release|Any CPU
		{98EEC3E1-D447-42E1-B533-3BD1E24C1733}.Debug|Any CPU.ActiveCfg = Debug|Any CPU
		{98EEC3E1-D447-42E1-B533-3BD1E24C1733}.Debug|Any CPU.Build.0 = Debug|Any CPU
		{98EEC3E1-D447-42E1-B533-3BD1E24C1733}.Debug|x64.ActiveCfg = Debug|Any CPU
		{98EEC3E1-D447-42E1-B533-3BD1E24C1733}.Debug|x64.Build.0 = Debug|Any CPU
		{98EEC3E1-D447-42E1-B533-3BD1E24C1733}.Debug|x86.ActiveCfg = Debug|Any CPU
		{98EEC3E1-D447-42E1-B533-3BD1E24C1733}.Debug|x86.Build.0 = Debug|Any CPU
		{98EEC3E1-D447-42E1-B533-3BD1E24C1733}.Release|Any CPU.ActiveCfg = Release|Any CPU
		{98EEC3E1-D447-42E1-B533-3BD1E24C1733}.Release|Any CPU.Build.0 = Release|Any CPU
		{98EEC3E1-D447-42E1-B533-3BD1E24C1733}.Release|x64.ActiveCfg = Release|Any CPU
		{98EEC3E1-D447-42E1-B533-3BD1E24C1733}.Release|x64.Build.0 = Release|Any CPU
		{98EEC3E1-D447-42E1-B533-3BD1E24C1733}.Release|x86.ActiveCfg = Release|Any CPU
		{98EEC3E1-D447-42E1-B533-3BD1E24C1733}.Release|x86.Build.0 = Release|Any CPU
		{1B9F52B7-F3B7-4C62-99FD-6ABA65D70C2F}.Debug|Any CPU.ActiveCfg = Debug|Any CPU
		{1B9F52B7-F3B7-4C62-99FD-6ABA65D70C2F}.Debug|Any CPU.Build.0 = Debug|Any CPU
		{1B9F52B7-F3B7-4C62-99FD-6ABA65D70C2F}.Debug|x64.ActiveCfg = Debug|Any CPU
		{1B9F52B7-F3B7-4C62-99FD-6ABA65D70C2F}.Debug|x64.Build.0 = Debug|Any CPU
		{1B9F52B7-F3B7-4C62-99FD-6ABA65D70C2F}.Debug|x86.ActiveCfg = Debug|Any CPU
		{1B9F52B7-F3B7-4C62-99FD-6ABA65D70C2F}.Debug|x86.Build.0 = Debug|Any CPU
		{1B9F52B7-F3B7-4C62-99FD-6ABA65D70C2F}.Release|Any CPU.ActiveCfg = Release|Any CPU
		{1B9F52B7-F3B7-4C62-99FD-6ABA65D70C2F}.Release|Any CPU.Build.0 = Release|Any CPU
		{1B9F52B7-F3B7-4C62-99FD-6ABA65D70C2F}.Release|x64.ActiveCfg = Release|Any CPU
		{1B9F52B7-F3B7-4C62-99FD-6ABA65D70C2F}.Release|x64.Build.0 = Release|Any CPU
		{1B9F52B7-F3B7-4C62-99FD-6ABA65D70C2F}.Release|x86.ActiveCfg = Release|Any CPU
		{1B9F52B7-F3B7-4C62-99FD-6ABA65D70C2F}.Release|x86.Build.0 = Release|Any CPU
		{B025FC81-BAFF-4752-A638-64B02BFF78A2}.Debug|Any CPU.ActiveCfg = Debug|Any CPU
		{B025FC81-BAFF-4752-A638-64B02BFF78A2}.Debug|Any CPU.Build.0 = Debug|Any CPU
		{B025FC81-BAFF-4752-A638-64B02BFF78A2}.Debug|x64.ActiveCfg = Debug|Any CPU
		{B025FC81-BAFF-4752-A638-64B02BFF78A2}.Debug|x64.Build.0 = Debug|Any CPU
		{B025FC81-BAFF-4752-A638-64B02BFF78A2}.Debug|x86.ActiveCfg = Debug|Any CPU
		{B025FC81-BAFF-4752-A638-64B02BFF78A2}.Debug|x86.Build.0 = Debug|Any CPU
		{B025FC81-BAFF-4752-A638-64B02BFF78A2}.Release|Any CPU.ActiveCfg = Release|Any CPU
		{B025FC81-BAFF-4752-A638-64B02BFF78A2}.Release|Any CPU.Build.0 = Release|Any CPU
		{B025FC81-BAFF-4752-A638-64B02BFF78A2}.Release|x64.ActiveCfg = Release|Any CPU
		{B025FC81-BAFF-4752-A638-64B02BFF78A2}.Release|x64.Build.0 = Release|Any CPU
		{B025FC81-BAFF-4752-A638-64B02BFF78A2}.Release|x86.ActiveCfg = Release|Any CPU
		{B025FC81-BAFF-4752-A638-64B02BFF78A2}.Release|x86.Build.0 = Release|Any CPU
		{744E5BDC-3E71-4F0E-B78E-129937716AAC}.Debug|Any CPU.ActiveCfg = Debug|Any CPU
		{744E5BDC-3E71-4F0E-B78E-129937716AAC}.Debug|Any CPU.Build.0 = Debug|Any CPU
		{744E5BDC-3E71-4F0E-B78E-129937716AAC}.Debug|x64.ActiveCfg = Debug|Any CPU
		{744E5BDC-3E71-4F0E-B78E-129937716AAC}.Debug|x64.Build.0 = Debug|Any CPU
		{744E5BDC-3E71-4F0E-B78E-129937716AAC}.Debug|x86.ActiveCfg = Debug|Any CPU
		{744E5BDC-3E71-4F0E-B78E-129937716AAC}.Debug|x86.Build.0 = Debug|Any CPU
		{744E5BDC-3E71-4F0E-B78E-129937716AAC}.Release|Any CPU.ActiveCfg = Release|Any CPU
		{744E5BDC-3E71-4F0E-B78E-129937716AAC}.Release|Any CPU.Build.0 = Release|Any CPU
		{744E5BDC-3E71-4F0E-B78E-129937716AAC}.Release|x64.ActiveCfg = Release|Any CPU
		{744E5BDC-3E71-4F0E-B78E-129937716AAC}.Release|x64.Build.0 = Release|Any CPU
		{744E5BDC-3E71-4F0E-B78E-129937716AAC}.Release|x86.ActiveCfg = Release|Any CPU
		{744E5BDC-3E71-4F0E-B78E-129937716AAC}.Release|x86.Build.0 = Release|Any CPU
		{F9D07591-3B9C-4DCE-82E9-4FA8FB63D4AD}.Debug|Any CPU.ActiveCfg = Debug|Any CPU
		{F9D07591-3B9C-4DCE-82E9-4FA8FB63D4AD}.Debug|Any CPU.Build.0 = Debug|Any CPU
		{F9D07591-3B9C-4DCE-82E9-4FA8FB63D4AD}.Debug|x64.ActiveCfg = Debug|Any CPU
		{F9D07591-3B9C-4DCE-82E9-4FA8FB63D4AD}.Debug|x64.Build.0 = Debug|Any CPU
		{F9D07591-3B9C-4DCE-82E9-4FA8FB63D4AD}.Debug|x86.ActiveCfg = Debug|Any CPU
		{F9D07591-3B9C-4DCE-82E9-4FA8FB63D4AD}.Debug|x86.Build.0 = Debug|Any CPU
		{F9D07591-3B9C-4DCE-82E9-4FA8FB63D4AD}.Release|Any CPU.ActiveCfg = Release|Any CPU
		{F9D07591-3B9C-4DCE-82E9-4FA8FB63D4AD}.Release|Any CPU.Build.0 = Release|Any CPU
		{F9D07591-3B9C-4DCE-82E9-4FA8FB63D4AD}.Release|x64.ActiveCfg = Release|Any CPU
		{F9D07591-3B9C-4DCE-82E9-4FA8FB63D4AD}.Release|x64.Build.0 = Release|Any CPU
		{F9D07591-3B9C-4DCE-82E9-4FA8FB63D4AD}.Release|x86.ActiveCfg = Release|Any CPU
		{F9D07591-3B9C-4DCE-82E9-4FA8FB63D4AD}.Release|x86.Build.0 = Release|Any CPU
		{83C88F80-BD05-4314-ACD3-0834EB385695}.Debug|Any CPU.ActiveCfg = Debug|Any CPU
		{83C88F80-BD05-4314-ACD3-0834EB385695}.Debug|Any CPU.Build.0 = Debug|Any CPU
		{83C88F80-BD05-4314-ACD3-0834EB385695}.Debug|x64.ActiveCfg = Debug|Any CPU
		{83C88F80-BD05-4314-ACD3-0834EB385695}.Debug|x64.Build.0 = Debug|Any CPU
		{83C88F80-BD05-4314-ACD3-0834EB385695}.Debug|x86.ActiveCfg = Debug|Any CPU
		{83C88F80-BD05-4314-ACD3-0834EB385695}.Debug|x86.Build.0 = Debug|Any CPU
		{83C88F80-BD05-4314-ACD3-0834EB385695}.Release|Any CPU.ActiveCfg = Release|Any CPU
		{83C88F80-BD05-4314-ACD3-0834EB385695}.Release|Any CPU.Build.0 = Release|Any CPU
		{83C88F80-BD05-4314-ACD3-0834EB385695}.Release|x64.ActiveCfg = Release|Any CPU
		{83C88F80-BD05-4314-ACD3-0834EB385695}.Release|x64.Build.0 = Release|Any CPU
		{83C88F80-BD05-4314-ACD3-0834EB385695}.Release|x86.ActiveCfg = Release|Any CPU
		{83C88F80-BD05-4314-ACD3-0834EB385695}.Release|x86.Build.0 = Release|Any CPU
		{2CB93CF9-D432-4356-874F-3F897C2F291E}.Debug|Any CPU.ActiveCfg = Debug|Any CPU
		{2CB93CF9-D432-4356-874F-3F897C2F291E}.Debug|Any CPU.Build.0 = Debug|Any CPU
		{2CB93CF9-D432-4356-874F-3F897C2F291E}.Debug|x64.ActiveCfg = Debug|Any CPU
		{2CB93CF9-D432-4356-874F-3F897C2F291E}.Debug|x64.Build.0 = Debug|Any CPU
		{2CB93CF9-D432-4356-874F-3F897C2F291E}.Debug|x86.ActiveCfg = Debug|Any CPU
		{2CB93CF9-D432-4356-874F-3F897C2F291E}.Debug|x86.Build.0 = Debug|Any CPU
		{2CB93CF9-D432-4356-874F-3F897C2F291E}.Release|Any CPU.ActiveCfg = Release|Any CPU
		{2CB93CF9-D432-4356-874F-3F897C2F291E}.Release|Any CPU.Build.0 = Release|Any CPU
		{2CB93CF9-D432-4356-874F-3F897C2F291E}.Release|x64.ActiveCfg = Release|Any CPU
		{2CB93CF9-D432-4356-874F-3F897C2F291E}.Release|x64.Build.0 = Release|Any CPU
		{2CB93CF9-D432-4356-874F-3F897C2F291E}.Release|x86.ActiveCfg = Release|Any CPU
		{2CB93CF9-D432-4356-874F-3F897C2F291E}.Release|x86.Build.0 = Release|Any CPU
		{09963892-0801-4FDD-8DEC-02F61E7C6D63}.Debug|Any CPU.ActiveCfg = Debug|Any CPU
		{09963892-0801-4FDD-8DEC-02F61E7C6D63}.Debug|Any CPU.Build.0 = Debug|Any CPU
		{09963892-0801-4FDD-8DEC-02F61E7C6D63}.Debug|x64.ActiveCfg = Debug|Any CPU
		{09963892-0801-4FDD-8DEC-02F61E7C6D63}.Debug|x64.Build.0 = Debug|Any CPU
		{09963892-0801-4FDD-8DEC-02F61E7C6D63}.Debug|x86.ActiveCfg = Debug|Any CPU
		{09963892-0801-4FDD-8DEC-02F61E7C6D63}.Debug|x86.Build.0 = Debug|Any CPU
		{09963892-0801-4FDD-8DEC-02F61E7C6D63}.Release|Any CPU.ActiveCfg = Release|Any CPU
		{09963892-0801-4FDD-8DEC-02F61E7C6D63}.Release|Any CPU.Build.0 = Release|Any CPU
		{09963892-0801-4FDD-8DEC-02F61E7C6D63}.Release|x64.ActiveCfg = Release|Any CPU
		{09963892-0801-4FDD-8DEC-02F61E7C6D63}.Release|x64.Build.0 = Release|Any CPU
		{09963892-0801-4FDD-8DEC-02F61E7C6D63}.Release|x86.ActiveCfg = Release|Any CPU
		{09963892-0801-4FDD-8DEC-02F61E7C6D63}.Release|x86.Build.0 = Release|Any CPU
		{DC951DD7-8F0C-4830-ACCD-43C4ED941C0E}.Debug|Any CPU.ActiveCfg = Debug|Any CPU
		{DC951DD7-8F0C-4830-ACCD-43C4ED941C0E}.Debug|Any CPU.Build.0 = Debug|Any CPU
		{DC951DD7-8F0C-4830-ACCD-43C4ED941C0E}.Debug|x64.ActiveCfg = Debug|Any CPU
		{DC951DD7-8F0C-4830-ACCD-43C4ED941C0E}.Debug|x64.Build.0 = Debug|Any CPU
		{DC951DD7-8F0C-4830-ACCD-43C4ED941C0E}.Debug|x86.ActiveCfg = Debug|Any CPU
		{DC951DD7-8F0C-4830-ACCD-43C4ED941C0E}.Debug|x86.Build.0 = Debug|Any CPU
		{DC951DD7-8F0C-4830-ACCD-43C4ED941C0E}.Release|Any CPU.ActiveCfg = Release|Any CPU
		{DC951DD7-8F0C-4830-ACCD-43C4ED941C0E}.Release|Any CPU.Build.0 = Release|Any CPU
		{DC951DD7-8F0C-4830-ACCD-43C4ED941C0E}.Release|x64.ActiveCfg = Release|Any CPU
		{DC951DD7-8F0C-4830-ACCD-43C4ED941C0E}.Release|x64.Build.0 = Release|Any CPU
		{DC951DD7-8F0C-4830-ACCD-43C4ED941C0E}.Release|x86.ActiveCfg = Release|Any CPU
		{DC951DD7-8F0C-4830-ACCD-43C4ED941C0E}.Release|x86.Build.0 = Release|Any CPU
		{8F833D1D-8914-4CD3-8248-AB33A4D972C5}.Debug|Any CPU.ActiveCfg = Debug|Any CPU
		{8F833D1D-8914-4CD3-8248-AB33A4D972C5}.Debug|Any CPU.Build.0 = Debug|Any CPU
		{8F833D1D-8914-4CD3-8248-AB33A4D972C5}.Debug|x64.ActiveCfg = Debug|Any CPU
		{8F833D1D-8914-4CD3-8248-AB33A4D972C5}.Debug|x64.Build.0 = Debug|Any CPU
		{8F833D1D-8914-4CD3-8248-AB33A4D972C5}.Debug|x86.ActiveCfg = Debug|Any CPU
		{8F833D1D-8914-4CD3-8248-AB33A4D972C5}.Debug|x86.Build.0 = Debug|Any CPU
		{8F833D1D-8914-4CD3-8248-AB33A4D972C5}.Release|Any CPU.ActiveCfg = Release|Any CPU
		{8F833D1D-8914-4CD3-8248-AB33A4D972C5}.Release|Any CPU.Build.0 = Release|Any CPU
		{8F833D1D-8914-4CD3-8248-AB33A4D972C5}.Release|x64.ActiveCfg = Release|Any CPU
		{8F833D1D-8914-4CD3-8248-AB33A4D972C5}.Release|x64.Build.0 = Release|Any CPU
		{8F833D1D-8914-4CD3-8248-AB33A4D972C5}.Release|x86.ActiveCfg = Release|Any CPU
		{8F833D1D-8914-4CD3-8248-AB33A4D972C5}.Release|x86.Build.0 = Release|Any CPU
		{D418FACC-8699-462C-ABDA-2D0D10317550}.Debug|Any CPU.ActiveCfg = Debug|Any CPU
		{D418FACC-8699-462C-ABDA-2D0D10317550}.Debug|Any CPU.Build.0 = Debug|Any CPU
		{D418FACC-8699-462C-ABDA-2D0D10317550}.Debug|x64.ActiveCfg = Debug|Any CPU
		{D418FACC-8699-462C-ABDA-2D0D10317550}.Debug|x64.Build.0 = Debug|Any CPU
		{D418FACC-8699-462C-ABDA-2D0D10317550}.Debug|x86.ActiveCfg = Debug|Any CPU
		{D418FACC-8699-462C-ABDA-2D0D10317550}.Debug|x86.Build.0 = Debug|Any CPU
		{D418FACC-8699-462C-ABDA-2D0D10317550}.Release|Any CPU.ActiveCfg = Release|Any CPU
		{D418FACC-8699-462C-ABDA-2D0D10317550}.Release|Any CPU.Build.0 = Release|Any CPU
		{D418FACC-8699-462C-ABDA-2D0D10317550}.Release|x64.ActiveCfg = Release|Any CPU
		{D418FACC-8699-462C-ABDA-2D0D10317550}.Release|x64.Build.0 = Release|Any CPU
		{D418FACC-8699-462C-ABDA-2D0D10317550}.Release|x86.ActiveCfg = Release|Any CPU
		{D418FACC-8699-462C-ABDA-2D0D10317550}.Release|x86.Build.0 = Release|Any CPU
		{B456386A-D9E6-421B-9ACB-AFEE03945331}.Debug|Any CPU.ActiveCfg = Debug|Any CPU
		{B456386A-D9E6-421B-9ACB-AFEE03945331}.Debug|Any CPU.Build.0 = Debug|Any CPU
		{B456386A-D9E6-421B-9ACB-AFEE03945331}.Debug|x64.ActiveCfg = Debug|Any CPU
		{B456386A-D9E6-421B-9ACB-AFEE03945331}.Debug|x64.Build.0 = Debug|Any CPU
		{B456386A-D9E6-421B-9ACB-AFEE03945331}.Debug|x86.ActiveCfg = Debug|Any CPU
		{B456386A-D9E6-421B-9ACB-AFEE03945331}.Debug|x86.Build.0 = Debug|Any CPU
		{B456386A-D9E6-421B-9ACB-AFEE03945331}.Release|Any CPU.ActiveCfg = Release|Any CPU
		{B456386A-D9E6-421B-9ACB-AFEE03945331}.Release|Any CPU.Build.0 = Release|Any CPU
		{B456386A-D9E6-421B-9ACB-AFEE03945331}.Release|x64.ActiveCfg = Release|Any CPU
		{B456386A-D9E6-421B-9ACB-AFEE03945331}.Release|x64.Build.0 = Release|Any CPU
		{B456386A-D9E6-421B-9ACB-AFEE03945331}.Release|x86.ActiveCfg = Release|Any CPU
		{B456386A-D9E6-421B-9ACB-AFEE03945331}.Release|x86.Build.0 = Release|Any CPU
		{23CD6E42-3B8A-4AC3-8FB7-F020B2F08579}.Debug|Any CPU.ActiveCfg = Debug|Any CPU
		{23CD6E42-3B8A-4AC3-8FB7-F020B2F08579}.Debug|Any CPU.Build.0 = Debug|Any CPU
		{23CD6E42-3B8A-4AC3-8FB7-F020B2F08579}.Debug|x64.ActiveCfg = Debug|Any CPU
		{23CD6E42-3B8A-4AC3-8FB7-F020B2F08579}.Debug|x64.Build.0 = Debug|Any CPU
		{23CD6E42-3B8A-4AC3-8FB7-F020B2F08579}.Debug|x86.ActiveCfg = Debug|Any CPU
		{23CD6E42-3B8A-4AC3-8FB7-F020B2F08579}.Debug|x86.Build.0 = Debug|Any CPU
		{23CD6E42-3B8A-4AC3-8FB7-F020B2F08579}.Release|Any CPU.ActiveCfg = Release|Any CPU
		{23CD6E42-3B8A-4AC3-8FB7-F020B2F08579}.Release|Any CPU.Build.0 = Release|Any CPU
		{23CD6E42-3B8A-4AC3-8FB7-F020B2F08579}.Release|x64.ActiveCfg = Release|Any CPU
		{23CD6E42-3B8A-4AC3-8FB7-F020B2F08579}.Release|x64.Build.0 = Release|Any CPU
		{23CD6E42-3B8A-4AC3-8FB7-F020B2F08579}.Release|x86.ActiveCfg = Release|Any CPU
		{23CD6E42-3B8A-4AC3-8FB7-F020B2F08579}.Release|x86.Build.0 = Release|Any CPU
		{C2C08DD5-22EA-48DD-BDA4-588DCD38048F}.Debug|Any CPU.ActiveCfg = Debug|Any CPU
		{C2C08DD5-22EA-48DD-BDA4-588DCD38048F}.Debug|Any CPU.Build.0 = Debug|Any CPU
		{C2C08DD5-22EA-48DD-BDA4-588DCD38048F}.Debug|x64.ActiveCfg = Debug|Any CPU
		{C2C08DD5-22EA-48DD-BDA4-588DCD38048F}.Debug|x64.Build.0 = Debug|Any CPU
		{C2C08DD5-22EA-48DD-BDA4-588DCD38048F}.Debug|x86.ActiveCfg = Debug|Any CPU
		{C2C08DD5-22EA-48DD-BDA4-588DCD38048F}.Debug|x86.Build.0 = Debug|Any CPU
		{C2C08DD5-22EA-48DD-BDA4-588DCD38048F}.Release|Any CPU.ActiveCfg = Release|Any CPU
		{C2C08DD5-22EA-48DD-BDA4-588DCD38048F}.Release|Any CPU.Build.0 = Release|Any CPU
		{C2C08DD5-22EA-48DD-BDA4-588DCD38048F}.Release|x64.ActiveCfg = Release|Any CPU
		{C2C08DD5-22EA-48DD-BDA4-588DCD38048F}.Release|x64.Build.0 = Release|Any CPU
		{C2C08DD5-22EA-48DD-BDA4-588DCD38048F}.Release|x86.ActiveCfg = Release|Any CPU
		{C2C08DD5-22EA-48DD-BDA4-588DCD38048F}.Release|x86.Build.0 = Release|Any CPU
		{869CF9F5-9528-45D4-8C54-079001DD2147}.Debug|Any CPU.ActiveCfg = Debug|Any CPU
		{869CF9F5-9528-45D4-8C54-079001DD2147}.Debug|Any CPU.Build.0 = Debug|Any CPU
		{869CF9F5-9528-45D4-8C54-079001DD2147}.Debug|x64.ActiveCfg = Debug|Any CPU
		{869CF9F5-9528-45D4-8C54-079001DD2147}.Debug|x64.Build.0 = Debug|Any CPU
		{869CF9F5-9528-45D4-8C54-079001DD2147}.Debug|x86.ActiveCfg = Debug|Any CPU
		{869CF9F5-9528-45D4-8C54-079001DD2147}.Debug|x86.Build.0 = Debug|Any CPU
		{869CF9F5-9528-45D4-8C54-079001DD2147}.Release|Any CPU.ActiveCfg = Release|Any CPU
		{869CF9F5-9528-45D4-8C54-079001DD2147}.Release|Any CPU.Build.0 = Release|Any CPU
		{869CF9F5-9528-45D4-8C54-079001DD2147}.Release|x64.ActiveCfg = Release|Any CPU
		{869CF9F5-9528-45D4-8C54-079001DD2147}.Release|x64.Build.0 = Release|Any CPU
		{869CF9F5-9528-45D4-8C54-079001DD2147}.Release|x86.ActiveCfg = Release|Any CPU
		{869CF9F5-9528-45D4-8C54-079001DD2147}.Release|x86.Build.0 = Release|Any CPU
		{9292D80D-392B-4641-91A5-C992ED2CF171}.Debug|Any CPU.ActiveCfg = Debug|Any CPU
		{9292D80D-392B-4641-91A5-C992ED2CF171}.Debug|Any CPU.Build.0 = Debug|Any CPU
		{9292D80D-392B-4641-91A5-C992ED2CF171}.Debug|x64.ActiveCfg = Debug|Any CPU
		{9292D80D-392B-4641-91A5-C992ED2CF171}.Debug|x64.Build.0 = Debug|Any CPU
		{9292D80D-392B-4641-91A5-C992ED2CF171}.Debug|x86.ActiveCfg = Debug|Any CPU
		{9292D80D-392B-4641-91A5-C992ED2CF171}.Debug|x86.Build.0 = Debug|Any CPU
		{9292D80D-392B-4641-91A5-C992ED2CF171}.Release|Any CPU.ActiveCfg = Release|Any CPU
		{9292D80D-392B-4641-91A5-C992ED2CF171}.Release|Any CPU.Build.0 = Release|Any CPU
		{9292D80D-392B-4641-91A5-C992ED2CF171}.Release|x64.ActiveCfg = Release|Any CPU
		{9292D80D-392B-4641-91A5-C992ED2CF171}.Release|x64.Build.0 = Release|Any CPU
		{9292D80D-392B-4641-91A5-C992ED2CF171}.Release|x86.ActiveCfg = Release|Any CPU
		{9292D80D-392B-4641-91A5-C992ED2CF171}.Release|x86.Build.0 = Release|Any CPU
		{B16362B1-B6A7-4B8C-AEFD-4244EAB8D3A7}.Debug|Any CPU.ActiveCfg = Debug|Any CPU
		{B16362B1-B6A7-4B8C-AEFD-4244EAB8D3A7}.Debug|Any CPU.Build.0 = Debug|Any CPU
		{B16362B1-B6A7-4B8C-AEFD-4244EAB8D3A7}.Debug|x64.ActiveCfg = Debug|Any CPU
		{B16362B1-B6A7-4B8C-AEFD-4244EAB8D3A7}.Debug|x64.Build.0 = Debug|Any CPU
		{B16362B1-B6A7-4B8C-AEFD-4244EAB8D3A7}.Debug|x86.ActiveCfg = Debug|Any CPU
		{B16362B1-B6A7-4B8C-AEFD-4244EAB8D3A7}.Debug|x86.Build.0 = Debug|Any CPU
		{B16362B1-B6A7-4B8C-AEFD-4244EAB8D3A7}.Release|Any CPU.ActiveCfg = Release|Any CPU
		{B16362B1-B6A7-4B8C-AEFD-4244EAB8D3A7}.Release|Any CPU.Build.0 = Release|Any CPU
		{B16362B1-B6A7-4B8C-AEFD-4244EAB8D3A7}.Release|x64.ActiveCfg = Release|Any CPU
		{B16362B1-B6A7-4B8C-AEFD-4244EAB8D3A7}.Release|x64.Build.0 = Release|Any CPU
		{B16362B1-B6A7-4B8C-AEFD-4244EAB8D3A7}.Release|x86.ActiveCfg = Release|Any CPU
		{B16362B1-B6A7-4B8C-AEFD-4244EAB8D3A7}.Release|x86.Build.0 = Release|Any CPU
		{361DD535-5A44-4955-933F-8F773632376C}.Debug|Any CPU.ActiveCfg = Debug|Any CPU
		{361DD535-5A44-4955-933F-8F773632376C}.Debug|Any CPU.Build.0 = Debug|Any CPU
		{361DD535-5A44-4955-933F-8F773632376C}.Debug|x64.ActiveCfg = Debug|Any CPU
		{361DD535-5A44-4955-933F-8F773632376C}.Debug|x64.Build.0 = Debug|Any CPU
		{361DD535-5A44-4955-933F-8F773632376C}.Debug|x86.ActiveCfg = Debug|Any CPU
		{361DD535-5A44-4955-933F-8F773632376C}.Debug|x86.Build.0 = Debug|Any CPU
		{361DD535-5A44-4955-933F-8F773632376C}.Release|Any CPU.ActiveCfg = Release|Any CPU
		{361DD535-5A44-4955-933F-8F773632376C}.Release|Any CPU.Build.0 = Release|Any CPU
		{361DD535-5A44-4955-933F-8F773632376C}.Release|x64.ActiveCfg = Release|Any CPU
		{361DD535-5A44-4955-933F-8F773632376C}.Release|x64.Build.0 = Release|Any CPU
		{361DD535-5A44-4955-933F-8F773632376C}.Release|x86.ActiveCfg = Release|Any CPU
		{361DD535-5A44-4955-933F-8F773632376C}.Release|x86.Build.0 = Release|Any CPU
		{7A91B085-E11D-488E-9535-B7CEF60ED36B}.Debug|Any CPU.ActiveCfg = Debug|Any CPU
		{7A91B085-E11D-488E-9535-B7CEF60ED36B}.Debug|Any CPU.Build.0 = Debug|Any CPU
		{7A91B085-E11D-488E-9535-B7CEF60ED36B}.Debug|x64.ActiveCfg = Debug|Any CPU
		{7A91B085-E11D-488E-9535-B7CEF60ED36B}.Debug|x64.Build.0 = Debug|Any CPU
		{7A91B085-E11D-488E-9535-B7CEF60ED36B}.Debug|x86.ActiveCfg = Debug|Any CPU
		{7A91B085-E11D-488E-9535-B7CEF60ED36B}.Debug|x86.Build.0 = Debug|Any CPU
		{7A91B085-E11D-488E-9535-B7CEF60ED36B}.Release|Any CPU.ActiveCfg = Release|Any CPU
		{7A91B085-E11D-488E-9535-B7CEF60ED36B}.Release|Any CPU.Build.0 = Release|Any CPU
		{7A91B085-E11D-488E-9535-B7CEF60ED36B}.Release|x64.ActiveCfg = Release|Any CPU
		{7A91B085-E11D-488E-9535-B7CEF60ED36B}.Release|x64.Build.0 = Release|Any CPU
		{7A91B085-E11D-488E-9535-B7CEF60ED36B}.Release|x86.ActiveCfg = Release|Any CPU
		{7A91B085-E11D-488E-9535-B7CEF60ED36B}.Release|x86.Build.0 = Release|Any CPU
		{0D5A03C0-B301-4E80-903D-75DEFFD0588B}.Debug|Any CPU.ActiveCfg = Debug|Any CPU
		{0D5A03C0-B301-4E80-903D-75DEFFD0588B}.Debug|Any CPU.Build.0 = Debug|Any CPU
		{0D5A03C0-B301-4E80-903D-75DEFFD0588B}.Debug|x64.ActiveCfg = Debug|Any CPU
		{0D5A03C0-B301-4E80-903D-75DEFFD0588B}.Debug|x64.Build.0 = Debug|Any CPU
		{0D5A03C0-B301-4E80-903D-75DEFFD0588B}.Debug|x86.ActiveCfg = Debug|Any CPU
		{0D5A03C0-B301-4E80-903D-75DEFFD0588B}.Debug|x86.Build.0 = Debug|Any CPU
		{0D5A03C0-B301-4E80-903D-75DEFFD0588B}.Release|Any CPU.ActiveCfg = Release|Any CPU
		{0D5A03C0-B301-4E80-903D-75DEFFD0588B}.Release|Any CPU.Build.0 = Release|Any CPU
		{0D5A03C0-B301-4E80-903D-75DEFFD0588B}.Release|x64.ActiveCfg = Release|Any CPU
		{0D5A03C0-B301-4E80-903D-75DEFFD0588B}.Release|x64.Build.0 = Release|Any CPU
		{0D5A03C0-B301-4E80-903D-75DEFFD0588B}.Release|x86.ActiveCfg = Release|Any CPU
		{0D5A03C0-B301-4E80-903D-75DEFFD0588B}.Release|x86.Build.0 = Release|Any CPU
		{54B6F128-CED2-4BF7-A99A-B627E02A1DD8}.Debug|Any CPU.ActiveCfg = Debug|Any CPU
		{54B6F128-CED2-4BF7-A99A-B627E02A1DD8}.Debug|Any CPU.Build.0 = Debug|Any CPU
		{54B6F128-CED2-4BF7-A99A-B627E02A1DD8}.Debug|x64.ActiveCfg = Debug|Any CPU
		{54B6F128-CED2-4BF7-A99A-B627E02A1DD8}.Debug|x64.Build.0 = Debug|Any CPU
		{54B6F128-CED2-4BF7-A99A-B627E02A1DD8}.Debug|x86.ActiveCfg = Debug|Any CPU
		{54B6F128-CED2-4BF7-A99A-B627E02A1DD8}.Debug|x86.Build.0 = Debug|Any CPU
		{54B6F128-CED2-4BF7-A99A-B627E02A1DD8}.Release|Any CPU.ActiveCfg = Release|Any CPU
		{54B6F128-CED2-4BF7-A99A-B627E02A1DD8}.Release|Any CPU.Build.0 = Release|Any CPU
		{54B6F128-CED2-4BF7-A99A-B627E02A1DD8}.Release|x64.ActiveCfg = Release|Any CPU
		{54B6F128-CED2-4BF7-A99A-B627E02A1DD8}.Release|x64.Build.0 = Release|Any CPU
		{54B6F128-CED2-4BF7-A99A-B627E02A1DD8}.Release|x86.ActiveCfg = Release|Any CPU
		{54B6F128-CED2-4BF7-A99A-B627E02A1DD8}.Release|x86.Build.0 = Release|Any CPU
		{CD692BA6-3DDC-4372-B50A-BEC28B6344F4}.Debug|Any CPU.ActiveCfg = Debug|Any CPU
		{CD692BA6-3DDC-4372-B50A-BEC28B6344F4}.Debug|Any CPU.Build.0 = Debug|Any CPU
		{CD692BA6-3DDC-4372-B50A-BEC28B6344F4}.Debug|x64.ActiveCfg = Debug|Any CPU
		{CD692BA6-3DDC-4372-B50A-BEC28B6344F4}.Debug|x64.Build.0 = Debug|Any CPU
		{CD692BA6-3DDC-4372-B50A-BEC28B6344F4}.Debug|x86.ActiveCfg = Debug|Any CPU
		{CD692BA6-3DDC-4372-B50A-BEC28B6344F4}.Debug|x86.Build.0 = Debug|Any CPU
		{CD692BA6-3DDC-4372-B50A-BEC28B6344F4}.Release|Any CPU.ActiveCfg = Release|Any CPU
		{CD692BA6-3DDC-4372-B50A-BEC28B6344F4}.Release|Any CPU.Build.0 = Release|Any CPU
		{CD692BA6-3DDC-4372-B50A-BEC28B6344F4}.Release|x64.ActiveCfg = Release|Any CPU
		{CD692BA6-3DDC-4372-B50A-BEC28B6344F4}.Release|x64.Build.0 = Release|Any CPU
		{CD692BA6-3DDC-4372-B50A-BEC28B6344F4}.Release|x86.ActiveCfg = Release|Any CPU
		{CD692BA6-3DDC-4372-B50A-BEC28B6344F4}.Release|x86.Build.0 = Release|Any CPU
		{217FD484-22E8-486E-8FCD-E0B76709FB07}.Debug|Any CPU.ActiveCfg = Debug|Any CPU
		{217FD484-22E8-486E-8FCD-E0B76709FB07}.Debug|Any CPU.Build.0 = Debug|Any CPU
		{217FD484-22E8-486E-8FCD-E0B76709FB07}.Debug|x64.ActiveCfg = Debug|Any CPU
		{217FD484-22E8-486E-8FCD-E0B76709FB07}.Debug|x64.Build.0 = Debug|Any CPU
		{217FD484-22E8-486E-8FCD-E0B76709FB07}.Debug|x86.ActiveCfg = Debug|Any CPU
		{217FD484-22E8-486E-8FCD-E0B76709FB07}.Debug|x86.Build.0 = Debug|Any CPU
		{217FD484-22E8-486E-8FCD-E0B76709FB07}.Release|Any CPU.ActiveCfg = Release|Any CPU
		{217FD484-22E8-486E-8FCD-E0B76709FB07}.Release|Any CPU.Build.0 = Release|Any CPU
		{217FD484-22E8-486E-8FCD-E0B76709FB07}.Release|x64.ActiveCfg = Release|Any CPU
		{217FD484-22E8-486E-8FCD-E0B76709FB07}.Release|x64.Build.0 = Release|Any CPU
		{217FD484-22E8-486E-8FCD-E0B76709FB07}.Release|x86.ActiveCfg = Release|Any CPU
		{217FD484-22E8-486E-8FCD-E0B76709FB07}.Release|x86.Build.0 = Release|Any CPU
		{4D5AD1D4-4FC8-497B-849C-FDE68E431129}.Debug|Any CPU.ActiveCfg = Debug|Any CPU
		{4D5AD1D4-4FC8-497B-849C-FDE68E431129}.Debug|Any CPU.Build.0 = Debug|Any CPU
		{4D5AD1D4-4FC8-497B-849C-FDE68E431129}.Debug|x64.ActiveCfg = Debug|Any CPU
		{4D5AD1D4-4FC8-497B-849C-FDE68E431129}.Debug|x64.Build.0 = Debug|Any CPU
		{4D5AD1D4-4FC8-497B-849C-FDE68E431129}.Debug|x86.ActiveCfg = Debug|Any CPU
		{4D5AD1D4-4FC8-497B-849C-FDE68E431129}.Debug|x86.Build.0 = Debug|Any CPU
		{4D5AD1D4-4FC8-497B-849C-FDE68E431129}.Release|Any CPU.ActiveCfg = Release|Any CPU
		{4D5AD1D4-4FC8-497B-849C-FDE68E431129}.Release|Any CPU.Build.0 = Release|Any CPU
		{4D5AD1D4-4FC8-497B-849C-FDE68E431129}.Release|x64.ActiveCfg = Release|Any CPU
		{4D5AD1D4-4FC8-497B-849C-FDE68E431129}.Release|x64.Build.0 = Release|Any CPU
		{4D5AD1D4-4FC8-497B-849C-FDE68E431129}.Release|x86.ActiveCfg = Release|Any CPU
		{4D5AD1D4-4FC8-497B-849C-FDE68E431129}.Release|x86.Build.0 = Release|Any CPU
		{71EC0992-40E6-4643-9467-BB7A46218639}.Debug|Any CPU.ActiveCfg = Debug|Any CPU
		{71EC0992-40E6-4643-9467-BB7A46218639}.Debug|Any CPU.Build.0 = Debug|Any CPU
		{71EC0992-40E6-4643-9467-BB7A46218639}.Debug|x64.ActiveCfg = Debug|Any CPU
		{71EC0992-40E6-4643-9467-BB7A46218639}.Debug|x64.Build.0 = Debug|Any CPU
		{71EC0992-40E6-4643-9467-BB7A46218639}.Debug|x86.ActiveCfg = Debug|Any CPU
		{71EC0992-40E6-4643-9467-BB7A46218639}.Debug|x86.Build.0 = Debug|Any CPU
		{71EC0992-40E6-4643-9467-BB7A46218639}.Release|Any CPU.ActiveCfg = Release|Any CPU
		{71EC0992-40E6-4643-9467-BB7A46218639}.Release|Any CPU.Build.0 = Release|Any CPU
		{71EC0992-40E6-4643-9467-BB7A46218639}.Release|x64.ActiveCfg = Release|Any CPU
		{71EC0992-40E6-4643-9467-BB7A46218639}.Release|x64.Build.0 = Release|Any CPU
		{71EC0992-40E6-4643-9467-BB7A46218639}.Release|x86.ActiveCfg = Release|Any CPU
		{71EC0992-40E6-4643-9467-BB7A46218639}.Release|x86.Build.0 = Release|Any CPU
		{A247586C-7E45-43BC-94DA-00E5EE85AA24}.Debug|Any CPU.ActiveCfg = Debug|Any CPU
		{A247586C-7E45-43BC-94DA-00E5EE85AA24}.Debug|Any CPU.Build.0 = Debug|Any CPU
		{A247586C-7E45-43BC-94DA-00E5EE85AA24}.Debug|x64.ActiveCfg = Debug|Any CPU
		{A247586C-7E45-43BC-94DA-00E5EE85AA24}.Debug|x64.Build.0 = Debug|Any CPU
		{A247586C-7E45-43BC-94DA-00E5EE85AA24}.Debug|x86.ActiveCfg = Debug|Any CPU
		{A247586C-7E45-43BC-94DA-00E5EE85AA24}.Debug|x86.Build.0 = Debug|Any CPU
		{A247586C-7E45-43BC-94DA-00E5EE85AA24}.Release|Any CPU.ActiveCfg = Release|Any CPU
		{A247586C-7E45-43BC-94DA-00E5EE85AA24}.Release|Any CPU.Build.0 = Release|Any CPU
		{A247586C-7E45-43BC-94DA-00E5EE85AA24}.Release|x64.ActiveCfg = Release|Any CPU
		{A247586C-7E45-43BC-94DA-00E5EE85AA24}.Release|x64.Build.0 = Release|Any CPU
		{A247586C-7E45-43BC-94DA-00E5EE85AA24}.Release|x86.ActiveCfg = Release|Any CPU
		{A247586C-7E45-43BC-94DA-00E5EE85AA24}.Release|x86.Build.0 = Release|Any CPU
		{55D9501F-15B9-4339-A0AB-6082850E5FCE}.Debug|Any CPU.ActiveCfg = Debug|Any CPU
		{55D9501F-15B9-4339-A0AB-6082850E5FCE}.Debug|Any CPU.Build.0 = Debug|Any CPU
		{55D9501F-15B9-4339-A0AB-6082850E5FCE}.Debug|x64.ActiveCfg = Debug|Any CPU
		{55D9501F-15B9-4339-A0AB-6082850E5FCE}.Debug|x64.Build.0 = Debug|Any CPU
		{55D9501F-15B9-4339-A0AB-6082850E5FCE}.Debug|x86.ActiveCfg = Debug|Any CPU
		{55D9501F-15B9-4339-A0AB-6082850E5FCE}.Debug|x86.Build.0 = Debug|Any CPU
		{55D9501F-15B9-4339-A0AB-6082850E5FCE}.Release|Any CPU.ActiveCfg = Release|Any CPU
		{55D9501F-15B9-4339-A0AB-6082850E5FCE}.Release|Any CPU.Build.0 = Release|Any CPU
		{55D9501F-15B9-4339-A0AB-6082850E5FCE}.Release|x64.ActiveCfg = Release|Any CPU
		{55D9501F-15B9-4339-A0AB-6082850E5FCE}.Release|x64.Build.0 = Release|Any CPU
		{55D9501F-15B9-4339-A0AB-6082850E5FCE}.Release|x86.ActiveCfg = Release|Any CPU
		{55D9501F-15B9-4339-A0AB-6082850E5FCE}.Release|x86.Build.0 = Release|Any CPU
		{77C5497E-D3DC-4256-8AE8-AC5271A119F7}.Debug|Any CPU.ActiveCfg = Debug|Any CPU
		{77C5497E-D3DC-4256-8AE8-AC5271A119F7}.Debug|Any CPU.Build.0 = Debug|Any CPU
		{77C5497E-D3DC-4256-8AE8-AC5271A119F7}.Debug|x64.ActiveCfg = Debug|Any CPU
		{77C5497E-D3DC-4256-8AE8-AC5271A119F7}.Debug|x64.Build.0 = Debug|Any CPU
		{77C5497E-D3DC-4256-8AE8-AC5271A119F7}.Debug|x86.ActiveCfg = Debug|Any CPU
		{77C5497E-D3DC-4256-8AE8-AC5271A119F7}.Debug|x86.Build.0 = Debug|Any CPU
		{77C5497E-D3DC-4256-8AE8-AC5271A119F7}.Release|Any CPU.ActiveCfg = Release|Any CPU
		{77C5497E-D3DC-4256-8AE8-AC5271A119F7}.Release|Any CPU.Build.0 = Release|Any CPU
		{77C5497E-D3DC-4256-8AE8-AC5271A119F7}.Release|x64.ActiveCfg = Release|Any CPU
		{77C5497E-D3DC-4256-8AE8-AC5271A119F7}.Release|x64.Build.0 = Release|Any CPU
		{77C5497E-D3DC-4256-8AE8-AC5271A119F7}.Release|x86.ActiveCfg = Release|Any CPU
		{77C5497E-D3DC-4256-8AE8-AC5271A119F7}.Release|x86.Build.0 = Release|Any CPU
		{BFC216CD-F8B4-4646-BF72-AA85716FAFEA}.Debug|Any CPU.ActiveCfg = Debug|Any CPU
		{BFC216CD-F8B4-4646-BF72-AA85716FAFEA}.Debug|Any CPU.Build.0 = Debug|Any CPU
		{BFC216CD-F8B4-4646-BF72-AA85716FAFEA}.Debug|x64.ActiveCfg = Debug|Any CPU
		{BFC216CD-F8B4-4646-BF72-AA85716FAFEA}.Debug|x64.Build.0 = Debug|Any CPU
		{BFC216CD-F8B4-4646-BF72-AA85716FAFEA}.Debug|x86.ActiveCfg = Debug|Any CPU
		{BFC216CD-F8B4-4646-BF72-AA85716FAFEA}.Debug|x86.Build.0 = Debug|Any CPU
		{BFC216CD-F8B4-4646-BF72-AA85716FAFEA}.Release|Any CPU.ActiveCfg = Release|Any CPU
		{BFC216CD-F8B4-4646-BF72-AA85716FAFEA}.Release|Any CPU.Build.0 = Release|Any CPU
		{BFC216CD-F8B4-4646-BF72-AA85716FAFEA}.Release|x64.ActiveCfg = Release|Any CPU
		{BFC216CD-F8B4-4646-BF72-AA85716FAFEA}.Release|x64.Build.0 = Release|Any CPU
		{BFC216CD-F8B4-4646-BF72-AA85716FAFEA}.Release|x86.ActiveCfg = Release|Any CPU
		{BFC216CD-F8B4-4646-BF72-AA85716FAFEA}.Release|x86.Build.0 = Release|Any CPU
		{3641F708-A923-4B8B-A451-9D27AFA1753D}.Debug|Any CPU.ActiveCfg = Debug|Any CPU
		{3641F708-A923-4B8B-A451-9D27AFA1753D}.Debug|Any CPU.Build.0 = Debug|Any CPU
		{3641F708-A923-4B8B-A451-9D27AFA1753D}.Debug|x64.ActiveCfg = Debug|Any CPU
		{3641F708-A923-4B8B-A451-9D27AFA1753D}.Debug|x64.Build.0 = Debug|Any CPU
		{3641F708-A923-4B8B-A451-9D27AFA1753D}.Debug|x86.ActiveCfg = Debug|Any CPU
		{3641F708-A923-4B8B-A451-9D27AFA1753D}.Debug|x86.Build.0 = Debug|Any CPU
		{3641F708-A923-4B8B-A451-9D27AFA1753D}.Release|Any CPU.ActiveCfg = Release|Any CPU
		{3641F708-A923-4B8B-A451-9D27AFA1753D}.Release|Any CPU.Build.0 = Release|Any CPU
		{3641F708-A923-4B8B-A451-9D27AFA1753D}.Release|x64.ActiveCfg = Release|Any CPU
		{3641F708-A923-4B8B-A451-9D27AFA1753D}.Release|x64.Build.0 = Release|Any CPU
		{3641F708-A923-4B8B-A451-9D27AFA1753D}.Release|x86.ActiveCfg = Release|Any CPU
		{3641F708-A923-4B8B-A451-9D27AFA1753D}.Release|x86.Build.0 = Release|Any CPU
		{EB0FB22E-DF89-4044-8EF2-F7790E8B0216}.Debug|Any CPU.ActiveCfg = Debug|Any CPU
		{EB0FB22E-DF89-4044-8EF2-F7790E8B0216}.Debug|Any CPU.Build.0 = Debug|Any CPU
		{EB0FB22E-DF89-4044-8EF2-F7790E8B0216}.Debug|x64.ActiveCfg = Debug|Any CPU
		{EB0FB22E-DF89-4044-8EF2-F7790E8B0216}.Debug|x64.Build.0 = Debug|Any CPU
		{EB0FB22E-DF89-4044-8EF2-F7790E8B0216}.Debug|x86.ActiveCfg = Debug|Any CPU
		{EB0FB22E-DF89-4044-8EF2-F7790E8B0216}.Debug|x86.Build.0 = Debug|Any CPU
		{EB0FB22E-DF89-4044-8EF2-F7790E8B0216}.Release|Any CPU.ActiveCfg = Release|Any CPU
		{EB0FB22E-DF89-4044-8EF2-F7790E8B0216}.Release|Any CPU.Build.0 = Release|Any CPU
		{EB0FB22E-DF89-4044-8EF2-F7790E8B0216}.Release|x64.ActiveCfg = Release|Any CPU
		{EB0FB22E-DF89-4044-8EF2-F7790E8B0216}.Release|x64.Build.0 = Release|Any CPU
		{EB0FB22E-DF89-4044-8EF2-F7790E8B0216}.Release|x86.ActiveCfg = Release|Any CPU
		{EB0FB22E-DF89-4044-8EF2-F7790E8B0216}.Release|x86.Build.0 = Release|Any CPU
		{FDD8875D-00D6-4E8C-9E21-D90C0A2C81B7}.Debug|Any CPU.ActiveCfg = Debug|Any CPU
		{FDD8875D-00D6-4E8C-9E21-D90C0A2C81B7}.Debug|Any CPU.Build.0 = Debug|Any CPU
		{FDD8875D-00D6-4E8C-9E21-D90C0A2C81B7}.Debug|x64.ActiveCfg = Debug|Any CPU
		{FDD8875D-00D6-4E8C-9E21-D90C0A2C81B7}.Debug|x64.Build.0 = Debug|Any CPU
		{FDD8875D-00D6-4E8C-9E21-D90C0A2C81B7}.Debug|x86.ActiveCfg = Debug|Any CPU
		{FDD8875D-00D6-4E8C-9E21-D90C0A2C81B7}.Debug|x86.Build.0 = Debug|Any CPU
		{FDD8875D-00D6-4E8C-9E21-D90C0A2C81B7}.Release|Any CPU.ActiveCfg = Release|Any CPU
		{FDD8875D-00D6-4E8C-9E21-D90C0A2C81B7}.Release|Any CPU.Build.0 = Release|Any CPU
		{FDD8875D-00D6-4E8C-9E21-D90C0A2C81B7}.Release|x64.ActiveCfg = Release|Any CPU
		{FDD8875D-00D6-4E8C-9E21-D90C0A2C81B7}.Release|x64.Build.0 = Release|Any CPU
		{FDD8875D-00D6-4E8C-9E21-D90C0A2C81B7}.Release|x86.ActiveCfg = Release|Any CPU
		{FDD8875D-00D6-4E8C-9E21-D90C0A2C81B7}.Release|x86.Build.0 = Release|Any CPU
		{3D0B3DD1-6779-4E8F-BFBC-809497F7B30F}.Debug|Any CPU.ActiveCfg = Debug|Any CPU
		{3D0B3DD1-6779-4E8F-BFBC-809497F7B30F}.Debug|Any CPU.Build.0 = Debug|Any CPU
		{3D0B3DD1-6779-4E8F-BFBC-809497F7B30F}.Debug|x64.ActiveCfg = Debug|Any CPU
		{3D0B3DD1-6779-4E8F-BFBC-809497F7B30F}.Debug|x64.Build.0 = Debug|Any CPU
		{3D0B3DD1-6779-4E8F-BFBC-809497F7B30F}.Debug|x86.ActiveCfg = Debug|Any CPU
		{3D0B3DD1-6779-4E8F-BFBC-809497F7B30F}.Debug|x86.Build.0 = Debug|Any CPU
		{3D0B3DD1-6779-4E8F-BFBC-809497F7B30F}.Release|Any CPU.ActiveCfg = Release|Any CPU
		{3D0B3DD1-6779-4E8F-BFBC-809497F7B30F}.Release|Any CPU.Build.0 = Release|Any CPU
		{3D0B3DD1-6779-4E8F-BFBC-809497F7B30F}.Release|x64.ActiveCfg = Release|Any CPU
		{3D0B3DD1-6779-4E8F-BFBC-809497F7B30F}.Release|x64.Build.0 = Release|Any CPU
		{3D0B3DD1-6779-4E8F-BFBC-809497F7B30F}.Release|x86.ActiveCfg = Release|Any CPU
		{3D0B3DD1-6779-4E8F-BFBC-809497F7B30F}.Release|x86.Build.0 = Release|Any CPU
	EndGlobalSection
	GlobalSection(SolutionProperties) = preSolution
		HideSolutionNode = FALSE
	EndGlobalSection
	GlobalSection(NestedProjects) = preSolution
		{097807B3-FE74-4DCD-B76B-2FCE1A272BE5} = {8B204FB8-31A6-4559-AE7F-0412F504983C}
		{F6CC3BDB-2CCE-4AD0-94B6-0C665169E2C2} = {8B204FB8-31A6-4559-AE7F-0412F504983C}
		{C981B0FF-A649-4148-AB65-6150FE5C77E3} = {8B204FB8-31A6-4559-AE7F-0412F504983C}
		{D1BD8FFA-EDE2-4FEF-87D5-B78E909C8457} = {8B204FB8-31A6-4559-AE7F-0412F504983C}
		{5BCA2B8A-37DA-4A88-A221-3D5B4796B07F} = {8B204FB8-31A6-4559-AE7F-0412F504983C}
		{9BB0CAA1-33AB-464C-8EDE-C9D033EAD645} = {8B204FB8-31A6-4559-AE7F-0412F504983C}
		{C5053B6C-73B6-4B82-A686-E7948DAFC2F5} = {8B204FB8-31A6-4559-AE7F-0412F504983C}
		{B9C5D624-F771-4E9D-882C-4CD42A12CAD1} = {8B204FB8-31A6-4559-AE7F-0412F504983C}
		{CAC7BEE3-5101-446C-84A4-4120BE2DEE18} = {8B204FB8-31A6-4559-AE7F-0412F504983C}
		{C9CC6168-80AE-44CC-8700-CD858256CB5B} = {8B204FB8-31A6-4559-AE7F-0412F504983C}
		{2E7EBBE7-2B03-4D3E-81FF-590F081D8F79} = {8B204FB8-31A6-4559-AE7F-0412F504983C}
		{CD3A2B49-E781-4766-B775-6FF3672AE308} = {8B204FB8-31A6-4559-AE7F-0412F504983C}
		{181C52C4-E916-416E-96BA-2B645841807F} = {5BCA2B8A-37DA-4A88-A221-3D5B4796B07F}
		{D7E8DEFE-56B4-4F8F-8E51-CCAD010B9414} = {9BB0CAA1-33AB-464C-8EDE-C9D033EAD645}
		{7333FA5C-D9B2-4151-A19D-41DAADA19266} = {9BB0CAA1-33AB-464C-8EDE-C9D033EAD645}
		{6989F059-B43A-4F7B-8A37-CEF6CB5D8B0B} = {9BB0CAA1-33AB-464C-8EDE-C9D033EAD645}
		{0233F61B-1458-4BFB-81CE-D47F1557015F} = {9BB0CAA1-33AB-464C-8EDE-C9D033EAD645}
		{1CFEC7E8-736E-4986-B0C4-9EBB5D449387} = {097807B3-FE74-4DCD-B76B-2FCE1A272BE5}
		{53F1AB0E-3C08-4D90-92D8-17E4E13BD2F3} = {097807B3-FE74-4DCD-B76B-2FCE1A272BE5}
		{8F0418B5-8D2D-4425-8028-21A6F798818B} = {097807B3-FE74-4DCD-B76B-2FCE1A272BE5}
		{8DF7CB64-4F53-46EB-98A6-00CEC691735E} = {F6CC3BDB-2CCE-4AD0-94B6-0C665169E2C2}
		{E24B9ABC-9FA0-4303-AD7B-562FACCE6181} = {F6CC3BDB-2CCE-4AD0-94B6-0C665169E2C2}
		{0CA4A090-BFE3-43C7-BAB1-6CB2272F35AB} = {C981B0FF-A649-4148-AB65-6150FE5C77E3}
		{025C278E-BB7A-4CD0-8E63-FBBBD6F7D790} = {D1BD8FFA-EDE2-4FEF-87D5-B78E909C8457}
		{78AE016B-2581-4A63-A381-3716475987F6} = {D1BD8FFA-EDE2-4FEF-87D5-B78E909C8457}
		{FAC6DC00-3824-4708-819A-DE8702017E39} = {5BCA2B8A-37DA-4A88-A221-3D5B4796B07F}
		{600A7AA4-EF5E-4181-B6E9-8354ECEE581B} = {9BB0CAA1-33AB-464C-8EDE-C9D033EAD645}
		{98EEC3E1-D447-42E1-B533-3BD1E24C1733} = {C5053B6C-73B6-4B82-A686-E7948DAFC2F5}
		{1B9F52B7-F3B7-4C62-99FD-6ABA65D70C2F} = {B9C5D624-F771-4E9D-882C-4CD42A12CAD1}
		{B025FC81-BAFF-4752-A638-64B02BFF78A2} = {B9C5D624-F771-4E9D-882C-4CD42A12CAD1}
		{744E5BDC-3E71-4F0E-B78E-129937716AAC} = {B9C5D624-F771-4E9D-882C-4CD42A12CAD1}
		{F9D07591-3B9C-4DCE-82E9-4FA8FB63D4AD} = {CAC7BEE3-5101-446C-84A4-4120BE2DEE18}
		{83C88F80-BD05-4314-ACD3-0834EB385695} = {C9CC6168-80AE-44CC-8700-CD858256CB5B}
		{2CB93CF9-D432-4356-874F-3F897C2F291E} = {9BB0CAA1-33AB-464C-8EDE-C9D033EAD645}
		{09963892-0801-4FDD-8DEC-02F61E7C6D63} = {2E7EBBE7-2B03-4D3E-81FF-590F081D8F79}
		{DC951DD7-8F0C-4830-ACCD-43C4ED941C0E} = {2E7EBBE7-2B03-4D3E-81FF-590F081D8F79}
		{8F833D1D-8914-4CD3-8248-AB33A4D972C5} = {F6CC3BDB-2CCE-4AD0-94B6-0C665169E2C2}
		{D418FACC-8699-462C-ABDA-2D0D10317550} = {F6CC3BDB-2CCE-4AD0-94B6-0C665169E2C2}
		{B456386A-D9E6-421B-9ACB-AFEE03945331} = {2E7EBBE7-2B03-4D3E-81FF-590F081D8F79}
		{23CD6E42-3B8A-4AC3-8FB7-F020B2F08579} = {5BCA2B8A-37DA-4A88-A221-3D5B4796B07F}
		{C2C08DD5-22EA-48DD-BDA4-588DCD38048F} = {F6CC3BDB-2CCE-4AD0-94B6-0C665169E2C2}
		{869CF9F5-9528-45D4-8C54-079001DD2147} = {5BCA2B8A-37DA-4A88-A221-3D5B4796B07F}
		{9292D80D-392B-4641-91A5-C992ED2CF171} = {5BCA2B8A-37DA-4A88-A221-3D5B4796B07F}
		{B16362B1-B6A7-4B8C-AEFD-4244EAB8D3A7} = {5BCA2B8A-37DA-4A88-A221-3D5B4796B07F}
		{361DD535-5A44-4955-933F-8F773632376C} = {5BCA2B8A-37DA-4A88-A221-3D5B4796B07F}
		{7A91B085-E11D-488E-9535-B7CEF60ED36B} = {5BCA2B8A-37DA-4A88-A221-3D5B4796B07F}
		{0D5A03C0-B301-4E80-903D-75DEFFD0588B} = {5BCA2B8A-37DA-4A88-A221-3D5B4796B07F}
		{54B6F128-CED2-4BF7-A99A-B627E02A1DD8} = {5BCA2B8A-37DA-4A88-A221-3D5B4796B07F}
		{CD692BA6-3DDC-4372-B50A-BEC28B6344F4} = {5BCA2B8A-37DA-4A88-A221-3D5B4796B07F}
		{217FD484-22E8-486E-8FCD-E0B76709FB07} = {5BCA2B8A-37DA-4A88-A221-3D5B4796B07F}
		{4D5AD1D4-4FC8-497B-849C-FDE68E431129} = {5BCA2B8A-37DA-4A88-A221-3D5B4796B07F}
		{71EC0992-40E6-4643-9467-BB7A46218639} = {5BCA2B8A-37DA-4A88-A221-3D5B4796B07F}
		{A247586C-7E45-43BC-94DA-00E5EE85AA24} = {5BCA2B8A-37DA-4A88-A221-3D5B4796B07F}
		{55D9501F-15B9-4339-A0AB-6082850E5FCE} = {2E7EBBE7-2B03-4D3E-81FF-590F081D8F79}
		{77C5497E-D3DC-4256-8AE8-AC5271A119F7} = {2E7EBBE7-2B03-4D3E-81FF-590F081D8F79}
		{BFC216CD-F8B4-4646-BF72-AA85716FAFEA} = {5BCA2B8A-37DA-4A88-A221-3D5B4796B07F}
		{3641F708-A923-4B8B-A451-9D27AFA1753D} = {F6CC3BDB-2CCE-4AD0-94B6-0C665169E2C2}
		{EB0FB22E-DF89-4044-8EF2-F7790E8B0216} = {CD3A2B49-E781-4766-B775-6FF3672AE308}
		{FDD8875D-00D6-4E8C-9E21-D90C0A2C81B7} = {CD3A2B49-E781-4766-B775-6FF3672AE308}
		{3D0B3DD1-6779-4E8F-BFBC-809497F7B30F} = {C03BF7E1-ECDF-48D0-85CD-A454AA28D80C}
	EndGlobalSection
EndGlobal
